// !$*UTF8*$!
{
	archiveVersion = 1;
	classes = {
	};
	objectVersion = 50;
	objects = {

/* Begin PBXBuildFile section */
		0E55B80F999EE5CB68CCC2DB /* libPods-ClassPod.a in Frameworks */ = {isa = PBXBuildFile; fileRef = 137E58259D45FBB3984CB81E /* libPods-ClassPod.a */; };
		1B03F1F726454CD5007A9A3A /* GCDAsyncSocket.m in Sources */ = {isa = PBXBuildFile; fileRef = 1B03F1F626454CD5007A9A3A /* GCDAsyncSocket.m */; };
		1B03F20326454DFB007A9A3A /* Network.framework in Frameworks */ = {isa = PBXBuildFile; fileRef = 1B03F20226454DFB007A9A3A /* Network.framework */; };
		1B03F20526454E07007A9A3A /* CoreMedia.framework in Frameworks */ = {isa = PBXBuildFile; fileRef = 1B03F20426454E07007A9A3A /* CoreMedia.framework */; };
		1B03F20726454E0F007A9A3A /* MediaPlayer.framework in Frameworks */ = {isa = PBXBuildFile; fileRef = 1B03F20626454E0F007A9A3A /* MediaPlayer.framework */; };
		1B067FDE2649446E00B7C23C /* ClassPod.xcdatamodeld in Sources */ = {isa = PBXBuildFile; fileRef = 1B067FDC2649446E00B7C23C /* ClassPod.xcdatamodeld */; };
		1B067FE22649465F00B7C23C /* ClassPod.xcdatamodeld in Sources */ = {isa = PBXBuildFile; fileRef = 1B067FDC2649446E00B7C23C /* ClassPod.xcdatamodeld */; };
		1B067FF92649482100B7C23C /* Student+CoreDataClass.m in Sources */ = {isa = PBXBuildFile; fileRef = 1B067FEB2649482000B7C23C /* Student+CoreDataClass.m */; };
		1B067FFA2649482100B7C23C /* Student+CoreDataClass.m in Sources */ = {isa = PBXBuildFile; fileRef = 1B067FEB2649482000B7C23C /* Student+CoreDataClass.m */; };
		1B067FFB2649482100B7C23C /* Student+CoreDataProperties.m in Sources */ = {isa = PBXBuildFile; fileRef = 1B067FEC2649482000B7C23C /* Student+CoreDataProperties.m */; };
		1B067FFC2649482100B7C23C /* Student+CoreDataProperties.m in Sources */ = {isa = PBXBuildFile; fileRef = 1B067FEC2649482000B7C23C /* Student+CoreDataProperties.m */; };
		1B067FFD2649482100B7C23C /* Music+CoreDataClass.m in Sources */ = {isa = PBXBuildFile; fileRef = 1B067FEF2649482000B7C23C /* Music+CoreDataClass.m */; };
		1B067FFE2649482100B7C23C /* Music+CoreDataClass.m in Sources */ = {isa = PBXBuildFile; fileRef = 1B067FEF2649482000B7C23C /* Music+CoreDataClass.m */; };
		1B067FFF2649482100B7C23C /* Music+CoreDataProperties.m in Sources */ = {isa = PBXBuildFile; fileRef = 1B067FF02649482000B7C23C /* Music+CoreDataProperties.m */; };
		1B0680002649482100B7C23C /* Music+CoreDataProperties.m in Sources */ = {isa = PBXBuildFile; fileRef = 1B067FF02649482000B7C23C /* Music+CoreDataProperties.m */; };
		1B0680012649482100B7C23C /* Teacher+CoreDataClass.m in Sources */ = {isa = PBXBuildFile; fileRef = 1B067FF32649482000B7C23C /* Teacher+CoreDataClass.m */; };
		1B0680022649482100B7C23C /* Teacher+CoreDataClass.m in Sources */ = {isa = PBXBuildFile; fileRef = 1B067FF32649482000B7C23C /* Teacher+CoreDataClass.m */; };
		1B0680032649482100B7C23C /* Teacher+CoreDataProperties.m in Sources */ = {isa = PBXBuildFile; fileRef = 1B067FF42649482000B7C23C /* Teacher+CoreDataProperties.m */; };
		1B0680042649482100B7C23C /* Teacher+CoreDataProperties.m in Sources */ = {isa = PBXBuildFile; fileRef = 1B067FF42649482000B7C23C /* Teacher+CoreDataProperties.m */; };
		1B0680052649482100B7C23C /* ClassPod+CoreDataClass.m in Sources */ = {isa = PBXBuildFile; fileRef = 1B067FF72649482000B7C23C /* ClassPod+CoreDataClass.m */; };
		1B0680062649482100B7C23C /* ClassPod+CoreDataClass.m in Sources */ = {isa = PBXBuildFile; fileRef = 1B067FF72649482000B7C23C /* ClassPod+CoreDataClass.m */; };
		1B0680072649482100B7C23C /* ClassPod+CoreDataProperties.m in Sources */ = {isa = PBXBuildFile; fileRef = 1B067FF82649482100B7C23C /* ClassPod+CoreDataProperties.m */; };
		1B0680082649482100B7C23C /* ClassPod+CoreDataProperties.m in Sources */ = {isa = PBXBuildFile; fileRef = 1B067FF82649482100B7C23C /* ClassPod+CoreDataProperties.m */; };
		1B0680202649759D00B7C23C /* DAO.m in Sources */ = {isa = PBXBuildFile; fileRef = 322B33E82642AC0A00ACD371 /* DAO.m */; };
		1B751DA72642B083001D86B6 /* ServiceLocator.m in Sources */ = {isa = PBXBuildFile; fileRef = 1B751DA62642B083001D86B6 /* ServiceLocator.m */; };
		1B751DA82642B083001D86B6 /* ServiceLocator.m in Sources */ = {isa = PBXBuildFile; fileRef = 1B751DA62642B083001D86B6 /* ServiceLocator.m */; };
		1BB03AE02640628A00B6096F /* AppDelegate.m in Sources */ = {isa = PBXBuildFile; fileRef = 1BB03ADF2640628A00B6096F /* AppDelegate.m */; };
		1BB03AE32640628A00B6096F /* SceneDelegate.m in Sources */ = {isa = PBXBuildFile; fileRef = 1BB03AE22640628A00B6096F /* SceneDelegate.m */; };
		1BB03AE62640628A00B6096F /* ViewController.m in Sources */ = {isa = PBXBuildFile; fileRef = 1BB03AE52640628A00B6096F /* ViewController.m */; };
		1BB03AE92640628B00B6096F /* Main.storyboard in Resources */ = {isa = PBXBuildFile; fileRef = 1BB03AE72640628B00B6096F /* Main.storyboard */; };
		1BB03AEE2640628D00B6096F /* Assets.xcassets in Resources */ = {isa = PBXBuildFile; fileRef = 1BB03AED2640628D00B6096F /* Assets.xcassets */; };
		1BB03AF12640628D00B6096F /* LaunchScreen.storyboard in Resources */ = {isa = PBXBuildFile; fileRef = 1BB03AEF2640628D00B6096F /* LaunchScreen.storyboard */; };
		1BB03AF42640628D00B6096F /* main.m in Sources */ = {isa = PBXBuildFile; fileRef = 1BB03AF32640628D00B6096F /* main.m */; };
		1BB03AFE2640628E00B6096F /* ClassPodTests.m in Sources */ = {isa = PBXBuildFile; fileRef = 1BB03AFD2640628E00B6096F /* ClassPodTests.m */; };
		1BB03B092640628E00B6096F /* ClassPodUITests.m in Sources */ = {isa = PBXBuildFile; fileRef = 1BB03B082640628E00B6096F /* ClassPodUITests.m */; };
		1BEDC61B264C0233008C88A7 /* AppDelegate.m in Sources */ = {isa = PBXBuildFile; fileRef = 1BEDC61A264C0233008C88A7 /* AppDelegate.m */; };
		1BEDC61D264C0233008C88A7 /* Assets.xcassets in Resources */ = {isa = PBXBuildFile; fileRef = 1BEDC61C264C0233008C88A7 /* Assets.xcassets */; };
		1BEDC620264C0233008C88A7 /* MainMenu.xib in Resources */ = {isa = PBXBuildFile; fileRef = 1BEDC61E264C0233008C88A7 /* MainMenu.xib */; };
		1BEDC623264C0234008C88A7 /* main.m in Sources */ = {isa = PBXBuildFile; fileRef = 1BEDC622264C0234008C88A7 /* main.m */; };
		1BEDC62E264C0234008C88A7 /* ClassPodDebugTests.m in Sources */ = {isa = PBXBuildFile; fileRef = 1BEDC62D264C0234008C88A7 /* ClassPodDebugTests.m */; };
		1BEDC639264C0234008C88A7 /* ClassPodDebugUITests.m in Sources */ = {isa = PBXBuildFile; fileRef = 1BEDC638264C0234008C88A7 /* ClassPodDebugUITests.m */; };
		1BEDC64A264C0243008C88A7 /* DAO.m in Sources */ = {isa = PBXBuildFile; fileRef = 322B33E82642AC0A00ACD371 /* DAO.m */; };
		1BEDC651264C024C008C88A7 /* Student+CoreDataClass.m in Sources */ = {isa = PBXBuildFile; fileRef = 1B067FEB2649482000B7C23C /* Student+CoreDataClass.m */; };
		1BEDC658264C0251008C88A7 /* Student+CoreDataProperties.m in Sources */ = {isa = PBXBuildFile; fileRef = 1B067FEC2649482000B7C23C /* Student+CoreDataProperties.m */; };
		1BEDC65F264C0257008C88A7 /* Music+CoreDataClass.m in Sources */ = {isa = PBXBuildFile; fileRef = 1B067FEF2649482000B7C23C /* Music+CoreDataClass.m */; };
		1BEDC666264C025C008C88A7 /* Music+CoreDataProperties.m in Sources */ = {isa = PBXBuildFile; fileRef = 1B067FF02649482000B7C23C /* Music+CoreDataProperties.m */; };
		1BEDC66D264C0261008C88A7 /* Teacher+CoreDataClass.m in Sources */ = {isa = PBXBuildFile; fileRef = 1B067FF32649482000B7C23C /* Teacher+CoreDataClass.m */; };
		1BEDC674264C0265008C88A7 /* Teacher+CoreDataProperties.m in Sources */ = {isa = PBXBuildFile; fileRef = 1B067FF42649482000B7C23C /* Teacher+CoreDataProperties.m */; };
		1BEDC67B264C026B008C88A7 /* ClassPod+CoreDataClass.m in Sources */ = {isa = PBXBuildFile; fileRef = 1B067FF72649482000B7C23C /* ClassPod+CoreDataClass.m */; };
		1BEDC682264C026F008C88A7 /* ClassPod+CoreDataProperties.m in Sources */ = {isa = PBXBuildFile; fileRef = 1B067FF82649482100B7C23C /* ClassPod+CoreDataProperties.m */; };
		1BEDC689264C0275008C88A7 /* ClassPod.xcdatamodeld in Sources */ = {isa = PBXBuildFile; fileRef = 1B067FDC2649446E00B7C23C /* ClassPod.xcdatamodeld */; };
		1BEDC692264C0489008C88A7 /* GCDAsyncSocket.m in Sources */ = {isa = PBXBuildFile; fileRef = 1B03F1F626454CD5007A9A3A /* GCDAsyncSocket.m */; };
		1BEDC699264C049E008C88A7 /* ServiceLocator.m in Sources */ = {isa = PBXBuildFile; fileRef = 1B751DA62642B083001D86B6 /* ServiceLocator.m */; };
		1BFB4EE2265693A000DE33E9 /* SpotifyiOS.framework in Frameworks */ = {isa = PBXBuildFile; fileRef = 1BFB4EE1265693A000DE33E9 /* SpotifyiOS.framework */; };
		1BFB4EE3265693A000DE33E9 /* SpotifyiOS.framework in Frameworks */ = {isa = PBXBuildFile; fileRef = 1BFB4EE1265693A000DE33E9 /* SpotifyiOS.framework */; };
		1BFB4EF92656982000DE33E9 /* SpotifyDAO.m in Sources */ = {isa = PBXBuildFile; fileRef = 1BFB4EF82656982000DE33E9 /* SpotifyDAO.m */; };
		1BFB4EFA2656982000DE33E9 /* SpotifyDAO.m in Sources */ = {isa = PBXBuildFile; fileRef = 1BFB4EF82656982000DE33E9 /* SpotifyDAO.m */; };
		1BFB4F312658FCF600DE33E9 /* RadioTransmitter.m in Sources */ = {isa = PBXBuildFile; fileRef = 1BFB4F302658FCF600DE33E9 /* RadioTransmitter.m */; };
		1BFB4F80265BC06F00DE33E9 /* in_file.mp3 in Resources */ = {isa = PBXBuildFile; fileRef = 1BFB4F7F265BC06F00DE33E9 /* in_file.mp3 */; };
		1BFB4FA1265E8ADA00DE33E9 /* AVFoundation.framework in Frameworks */ = {isa = PBXBuildFile; fileRef = 1BFB4FA0265E8ADA00DE33E9 /* AVFoundation.framework */; };
		25768132E2569D505CBE0F0C /* libPods-ClassPodTests.a in Frameworks */ = {isa = PBXBuildFile; fileRef = F90F8209A48F3C0C46BFB155 /* libPods-ClassPodTests.a */; };
		3168CA1ED2DF2460E129F2E3 /* libPods-ClassPodUITests.a in Frameworks */ = {isa = PBXBuildFile; fileRef = 9E16924E1D3C540E506F7D72 /* libPods-ClassPodUITests.a */; };
		3202ED4B26809D5D009A3583 /* Utils.m in Sources */ = {isa = PBXBuildFile; fileRef = 3202ED4926809D5D009A3583 /* Utils.m */; };
		3202ED5A2680A65B009A3583 /* CellMusic.m in Sources */ = {isa = PBXBuildFile; fileRef = 3202ED592680A65B009A3583 /* CellMusic.m */; };
		3202ED632680C401009A3583 /* LDWWWTools.m in Sources */ = {isa = PBXBuildFile; fileRef = 3202ED612680C401009A3583 /* LDWWWTools.m */; };
		3202ED7026810F9E009A3583 /* ExtAudioConverter.m in Sources */ = {isa = PBXBuildFile; fileRef = 3202ED6D26810F9E009A3583 /* ExtAudioConverter.m */; };
		3202ED83268112EC009A3583 /* libmp3lame.a in Frameworks */ = {isa = PBXBuildFile; fileRef = 3202ED6C26810F9E009A3583 /* libmp3lame.a */; };
		322215A926569B63004A38EE /* SelectTeacherVC.m in Sources */ = {isa = PBXBuildFile; fileRef = 322215A826569B63004A38EE /* SelectTeacherVC.m */; };
		322216BC265FFFDE004A38EE /* LDRTPServer.m in Sources */ = {isa = PBXBuildFile; fileRef = 322216BB265FFFDE004A38EE /* LDRTPServer.m */; };
		322B33D726427DE200ACD371 /* TeacherVC.m in Sources */ = {isa = PBXBuildFile; fileRef = 322B33D626427DE200ACD371 /* TeacherVC.m */; };
		322B33E92642AC0B00ACD371 /* DAO.m in Sources */ = {isa = PBXBuildFile; fileRef = 322B33E82642AC0A00ACD371 /* DAO.m */; };
		322B33EF2642ADE000ACD371 /* StudentVC.m in Sources */ = {isa = PBXBuildFile; fileRef = 322B33EE2642ADE000ACD371 /* StudentVC.m */; };
		322B33F52642B16400ACD371 /* PreferencesVC.m in Sources */ = {isa = PBXBuildFile; fileRef = 322B33F42642B16400ACD371 /* PreferencesVC.m */; };
		322B33FB2642B24500ACD371 /* Preferences.m in Sources */ = {isa = PBXBuildFile; fileRef = 322B33FA2642B24400ACD371 /* Preferences.m */; };
		322B340C2642B80900ACD371 /* CellLabelSwith.m in Sources */ = {isa = PBXBuildFile; fileRef = 322B340B2642B80900ACD371 /* CellLabelSwith.m */; };
		3253B982264BF73C00ACA5FE /* CellStudentList.m in Sources */ = {isa = PBXBuildFile; fileRef = 3253B981264BF73C00ACA5FE /* CellStudentList.m */; };
		3253B988264BFE2500ACA5FE /* CellTecherList.m in Sources */ = {isa = PBXBuildFile; fileRef = 3253B987264BFE2500ACA5FE /* CellTecherList.m */; };
		32610BAB268C62C60070B1F1 /* SelectClassPodVC.m in Sources */ = {isa = PBXBuildFile; fileRef = 32610BAA268C62C60070B1F1 /* SelectClassPodVC.m */; };
		32610BB4268C66750070B1F1 /* CellClassPods.m in Sources */ = {isa = PBXBuildFile; fileRef = 32610BB3268C66740070B1F1 /* CellClassPods.m */; };
		32788CA0264C1DF200FC087E /* Preferences.m in Sources */ = {isa = PBXBuildFile; fileRef = 322B33FA2642B24400ACD371 /* Preferences.m */; };
		32788CAF264C22D900FC087E /* ProfileEditVC.m in Sources */ = {isa = PBXBuildFile; fileRef = 32788CAE264C22D900FC087E /* ProfileEditVC.m */; };
		32E7C6F8266B8AE300D00501 /* GCDAsyncUdpSocket.m in Sources */ = {isa = PBXBuildFile; fileRef = 32E7C6F6266B8AE300D00501 /* GCDAsyncUdpSocket.m */; };
		32F4B0E92680904A00BB2DC0 /* PlayListMakerVC.m in Sources */ = {isa = PBXBuildFile; fileRef = 32F4B0E82680904A00BB2DC0 /* PlayListMakerVC.m */; };
		89DE681AA9FCB6C99DC43FAA /* libPods-ClassPodDebugUITests.a in Frameworks */ = {isa = PBXBuildFile; fileRef = 0420AEB9660A6F78DD869F24 /* libPods-ClassPodDebugUITests.a */; };
		DF54F693896843A5E3F63200 /* libPods-ClassPodDebugTests.a in Frameworks */ = {isa = PBXBuildFile; fileRef = 4C1D876DC9E9796A01BAB8FD /* libPods-ClassPodDebugTests.a */; };
/* End PBXBuildFile section */

/* Begin PBXContainerItemProxy section */
		1BB03AFA2640628E00B6096F /* PBXContainerItemProxy */ = {
			isa = PBXContainerItemProxy;
			containerPortal = 1BB03AD32640628A00B6096F /* Project object */;
			proxyType = 1;
			remoteGlobalIDString = 1BB03ADA2640628A00B6096F;
			remoteInfo = ClassPod;
		};
		1BB03B052640628E00B6096F /* PBXContainerItemProxy */ = {
			isa = PBXContainerItemProxy;
			containerPortal = 1BB03AD32640628A00B6096F /* Project object */;
			proxyType = 1;
			remoteGlobalIDString = 1BB03ADA2640628A00B6096F;
			remoteInfo = ClassPod;
		};
		1BEDC62A264C0234008C88A7 /* PBXContainerItemProxy */ = {
			isa = PBXContainerItemProxy;
			containerPortal = 1BB03AD32640628A00B6096F /* Project object */;
			proxyType = 1;
			remoteGlobalIDString = 1BEDC616264C0233008C88A7;
			remoteInfo = ClassPodDebug;
		};
		1BEDC635264C0234008C88A7 /* PBXContainerItemProxy */ = {
			isa = PBXContainerItemProxy;
			containerPortal = 1BB03AD32640628A00B6096F /* Project object */;
			proxyType = 1;
			remoteGlobalIDString = 1BEDC616264C0233008C88A7;
			remoteInfo = ClassPodDebug;
		};
/* End PBXContainerItemProxy section */

/* Begin PBXFileReference section */
		0420AEB9660A6F78DD869F24 /* libPods-ClassPodDebugUITests.a */ = {isa = PBXFileReference; explicitFileType = archive.ar; includeInIndex = 0; path = "libPods-ClassPodDebugUITests.a"; sourceTree = BUILT_PRODUCTS_DIR; };
		09DBBF33C7D8CBCE2DC428B2 /* Pods-ClassPod-ClassPodUITests.release.xcconfig */ = {isa = PBXFileReference; includeInIndex = 1; lastKnownFileType = text.xcconfig; name = "Pods-ClassPod-ClassPodUITests.release.xcconfig"; path = "Target Support Files/Pods-ClassPod-ClassPodUITests/Pods-ClassPod-ClassPodUITests.release.xcconfig"; sourceTree = "<group>"; };
		137E58259D45FBB3984CB81E /* libPods-ClassPod.a */ = {isa = PBXFileReference; explicitFileType = archive.ar; includeInIndex = 0; path = "libPods-ClassPod.a"; sourceTree = BUILT_PRODUCTS_DIR; };
		13D3FC27489DA654BA8438CE /* Pods-ClassPodTests.release.xcconfig */ = {isa = PBXFileReference; includeInIndex = 1; lastKnownFileType = text.xcconfig; name = "Pods-ClassPodTests.release.xcconfig"; path = "Target Support Files/Pods-ClassPodTests/Pods-ClassPodTests.release.xcconfig"; sourceTree = "<group>"; };
		1B03F1F526454CD5007A9A3A /* GCDAsyncSocket.h */ = {isa = PBXFileReference; fileEncoding = 4; lastKnownFileType = sourcecode.c.h; path = GCDAsyncSocket.h; sourceTree = "<group>"; };
		1B03F1F626454CD5007A9A3A /* GCDAsyncSocket.m */ = {isa = PBXFileReference; fileEncoding = 4; lastKnownFileType = sourcecode.c.objc; path = GCDAsyncSocket.m; sourceTree = "<group>"; };
		1B03F20226454DFB007A9A3A /* Network.framework */ = {isa = PBXFileReference; lastKnownFileType = wrapper.framework; name = Network.framework; path = System/Library/Frameworks/Network.framework; sourceTree = SDKROOT; };
		1B03F20426454E07007A9A3A /* CoreMedia.framework */ = {isa = PBXFileReference; lastKnownFileType = wrapper.framework; name = CoreMedia.framework; path = System/Library/Frameworks/CoreMedia.framework; sourceTree = SDKROOT; };
		1B03F20626454E0F007A9A3A /* MediaPlayer.framework */ = {isa = PBXFileReference; lastKnownFileType = wrapper.framework; name = MediaPlayer.framework; path = System/Library/Frameworks/MediaPlayer.framework; sourceTree = SDKROOT; };
		1B067FDD2649446E00B7C23C /* ClassPod.xcdatamodel */ = {isa = PBXFileReference; lastKnownFileType = wrapper.xcdatamodel; path = ClassPod.xcdatamodel; sourceTree = "<group>"; };
		1B067FE92649482000B7C23C /* Student+CoreDataProperties.h */ = {isa = PBXFileReference; lastKnownFileType = sourcecode.c.h; path = "Student+CoreDataProperties.h"; sourceTree = "<group>"; };
		1B067FEA2649482000B7C23C /* Student+CoreDataClass.h */ = {isa = PBXFileReference; lastKnownFileType = sourcecode.c.h; path = "Student+CoreDataClass.h"; sourceTree = "<group>"; };
		1B067FEB2649482000B7C23C /* Student+CoreDataClass.m */ = {isa = PBXFileReference; lastKnownFileType = sourcecode.c.objc; path = "Student+CoreDataClass.m"; sourceTree = "<group>"; };
		1B067FEC2649482000B7C23C /* Student+CoreDataProperties.m */ = {isa = PBXFileReference; lastKnownFileType = sourcecode.c.objc; path = "Student+CoreDataProperties.m"; sourceTree = "<group>"; };
		1B067FED2649482000B7C23C /* Music+CoreDataProperties.h */ = {isa = PBXFileReference; lastKnownFileType = sourcecode.c.h; path = "Music+CoreDataProperties.h"; sourceTree = "<group>"; };
		1B067FEE2649482000B7C23C /* Music+CoreDataClass.h */ = {isa = PBXFileReference; lastKnownFileType = sourcecode.c.h; path = "Music+CoreDataClass.h"; sourceTree = "<group>"; };
		1B067FEF2649482000B7C23C /* Music+CoreDataClass.m */ = {isa = PBXFileReference; lastKnownFileType = sourcecode.c.objc; path = "Music+CoreDataClass.m"; sourceTree = "<group>"; };
		1B067FF02649482000B7C23C /* Music+CoreDataProperties.m */ = {isa = PBXFileReference; lastKnownFileType = sourcecode.c.objc; path = "Music+CoreDataProperties.m"; sourceTree = "<group>"; };
		1B067FF12649482000B7C23C /* Teacher+CoreDataProperties.h */ = {isa = PBXFileReference; lastKnownFileType = sourcecode.c.h; path = "Teacher+CoreDataProperties.h"; sourceTree = "<group>"; };
		1B067FF22649482000B7C23C /* Teacher+CoreDataClass.h */ = {isa = PBXFileReference; lastKnownFileType = sourcecode.c.h; path = "Teacher+CoreDataClass.h"; sourceTree = "<group>"; };
		1B067FF32649482000B7C23C /* Teacher+CoreDataClass.m */ = {isa = PBXFileReference; lastKnownFileType = sourcecode.c.objc; path = "Teacher+CoreDataClass.m"; sourceTree = "<group>"; };
		1B067FF42649482000B7C23C /* Teacher+CoreDataProperties.m */ = {isa = PBXFileReference; lastKnownFileType = sourcecode.c.objc; path = "Teacher+CoreDataProperties.m"; sourceTree = "<group>"; };
		1B067FF52649482000B7C23C /* ClassPod+CoreDataProperties.h */ = {isa = PBXFileReference; lastKnownFileType = sourcecode.c.h; path = "ClassPod+CoreDataProperties.h"; sourceTree = "<group>"; };
		1B067FF62649482000B7C23C /* ClassPod+CoreDataClass.h */ = {isa = PBXFileReference; lastKnownFileType = sourcecode.c.h; path = "ClassPod+CoreDataClass.h"; sourceTree = "<group>"; };
		1B067FF72649482000B7C23C /* ClassPod+CoreDataClass.m */ = {isa = PBXFileReference; lastKnownFileType = sourcecode.c.objc; path = "ClassPod+CoreDataClass.m"; sourceTree = "<group>"; };
		1B067FF82649482100B7C23C /* ClassPod+CoreDataProperties.m */ = {isa = PBXFileReference; lastKnownFileType = sourcecode.c.objc; path = "ClassPod+CoreDataProperties.m"; sourceTree = "<group>"; };
		1B751DA52642B083001D86B6 /* ServiceLocator.h */ = {isa = PBXFileReference; lastKnownFileType = sourcecode.c.h; path = ServiceLocator.h; sourceTree = "<group>"; };
		1B751DA62642B083001D86B6 /* ServiceLocator.m */ = {isa = PBXFileReference; lastKnownFileType = sourcecode.c.objc; path = ServiceLocator.m; sourceTree = "<group>"; };
		1B751DB02642B500001D86B6 /* chatterclient-bonjour.m */ = {isa = PBXFileReference; fileEncoding = 4; lastKnownFileType = sourcecode.c.objc; path = "chatterclient-bonjour.m"; sourceTree = "<group>"; };
		1B751DB12642B500001D86B6 /* chatterserver-bonjour.m */ = {isa = PBXFileReference; fileEncoding = 4; lastKnownFileType = sourcecode.c.objc; path = "chatterserver-bonjour.m"; sourceTree = "<group>"; };
		1BB03ADB2640628A00B6096F /* ClassPod.app */ = {isa = PBXFileReference; explicitFileType = wrapper.application; includeInIndex = 0; path = ClassPod.app; sourceTree = BUILT_PRODUCTS_DIR; };
		1BB03ADE2640628A00B6096F /* AppDelegate.h */ = {isa = PBXFileReference; lastKnownFileType = sourcecode.c.h; path = AppDelegate.h; sourceTree = "<group>"; };
		1BB03ADF2640628A00B6096F /* AppDelegate.m */ = {isa = PBXFileReference; lastKnownFileType = sourcecode.c.objc; path = AppDelegate.m; sourceTree = "<group>"; };
		1BB03AE12640628A00B6096F /* SceneDelegate.h */ = {isa = PBXFileReference; lastKnownFileType = sourcecode.c.h; path = SceneDelegate.h; sourceTree = "<group>"; };
		1BB03AE22640628A00B6096F /* SceneDelegate.m */ = {isa = PBXFileReference; lastKnownFileType = sourcecode.c.objc; path = SceneDelegate.m; sourceTree = "<group>"; };
		1BB03AE42640628A00B6096F /* ViewController.h */ = {isa = PBXFileReference; lastKnownFileType = sourcecode.c.h; path = ViewController.h; sourceTree = "<group>"; };
		1BB03AE52640628A00B6096F /* ViewController.m */ = {isa = PBXFileReference; lastKnownFileType = sourcecode.c.objc; path = ViewController.m; sourceTree = "<group>"; };
		1BB03AE82640628B00B6096F /* Base */ = {isa = PBXFileReference; lastKnownFileType = file.storyboard; name = Base; path = Base.lproj/Main.storyboard; sourceTree = "<group>"; };
		1BB03AED2640628D00B6096F /* Assets.xcassets */ = {isa = PBXFileReference; lastKnownFileType = folder.assetcatalog; path = Assets.xcassets; sourceTree = "<group>"; };
		1BB03AF02640628D00B6096F /* Base */ = {isa = PBXFileReference; lastKnownFileType = file.storyboard; name = Base; path = Base.lproj/LaunchScreen.storyboard; sourceTree = "<group>"; };
		1BB03AF22640628D00B6096F /* Info.plist */ = {isa = PBXFileReference; lastKnownFileType = text.plist.xml; path = Info.plist; sourceTree = "<group>"; };
		1BB03AF32640628D00B6096F /* main.m */ = {isa = PBXFileReference; lastKnownFileType = sourcecode.c.objc; path = main.m; sourceTree = "<group>"; };
		1BB03AF92640628E00B6096F /* ClassPodTests.xctest */ = {isa = PBXFileReference; explicitFileType = wrapper.cfbundle; includeInIndex = 0; path = ClassPodTests.xctest; sourceTree = BUILT_PRODUCTS_DIR; };
		1BB03AFD2640628E00B6096F /* ClassPodTests.m */ = {isa = PBXFileReference; lastKnownFileType = sourcecode.c.objc; path = ClassPodTests.m; sourceTree = "<group>"; };
		1BB03AFF2640628E00B6096F /* Info.plist */ = {isa = PBXFileReference; lastKnownFileType = text.plist.xml; path = Info.plist; sourceTree = "<group>"; };
		1BB03B042640628E00B6096F /* ClassPodUITests.xctest */ = {isa = PBXFileReference; explicitFileType = wrapper.cfbundle; includeInIndex = 0; path = ClassPodUITests.xctest; sourceTree = BUILT_PRODUCTS_DIR; };
		1BB03B082640628E00B6096F /* ClassPodUITests.m */ = {isa = PBXFileReference; lastKnownFileType = sourcecode.c.objc; path = ClassPodUITests.m; sourceTree = "<group>"; };
		1BB03B0A2640628E00B6096F /* Info.plist */ = {isa = PBXFileReference; lastKnownFileType = text.plist.xml; path = Info.plist; sourceTree = "<group>"; };
		1BB03B192640637600B6096F /* ClassPod.entitlements */ = {isa = PBXFileReference; lastKnownFileType = text.plist.entitlements; path = ClassPod.entitlements; sourceTree = "<group>"; };
		1BEDC617264C0233008C88A7 /* ClassPodDebug.app */ = {isa = PBXFileReference; explicitFileType = wrapper.application; includeInIndex = 0; path = ClassPodDebug.app; sourceTree = BUILT_PRODUCTS_DIR; };
		1BEDC619264C0233008C88A7 /* AppDelegate.h */ = {isa = PBXFileReference; lastKnownFileType = sourcecode.c.h; path = AppDelegate.h; sourceTree = "<group>"; };
		1BEDC61A264C0233008C88A7 /* AppDelegate.m */ = {isa = PBXFileReference; lastKnownFileType = sourcecode.c.objc; path = AppDelegate.m; sourceTree = "<group>"; };
		1BEDC61C264C0233008C88A7 /* Assets.xcassets */ = {isa = PBXFileReference; lastKnownFileType = folder.assetcatalog; path = Assets.xcassets; sourceTree = "<group>"; };
		1BEDC61F264C0233008C88A7 /* Base */ = {isa = PBXFileReference; lastKnownFileType = file.xib; name = Base; path = Base.lproj/MainMenu.xib; sourceTree = "<group>"; };
		1BEDC621264C0233008C88A7 /* Info.plist */ = {isa = PBXFileReference; lastKnownFileType = text.plist.xml; path = Info.plist; sourceTree = "<group>"; };
		1BEDC622264C0234008C88A7 /* main.m */ = {isa = PBXFileReference; lastKnownFileType = sourcecode.c.objc; path = main.m; sourceTree = "<group>"; };
		1BEDC624264C0234008C88A7 /* ClassPodDebug.entitlements */ = {isa = PBXFileReference; lastKnownFileType = text.plist.entitlements; path = ClassPodDebug.entitlements; sourceTree = "<group>"; };
		1BEDC629264C0234008C88A7 /* ClassPodDebugTests.xctest */ = {isa = PBXFileReference; explicitFileType = wrapper.cfbundle; includeInIndex = 0; path = ClassPodDebugTests.xctest; sourceTree = BUILT_PRODUCTS_DIR; };
		1BEDC62D264C0234008C88A7 /* ClassPodDebugTests.m */ = {isa = PBXFileReference; lastKnownFileType = sourcecode.c.objc; path = ClassPodDebugTests.m; sourceTree = "<group>"; };
		1BEDC62F264C0234008C88A7 /* Info.plist */ = {isa = PBXFileReference; lastKnownFileType = text.plist.xml; path = Info.plist; sourceTree = "<group>"; };
		1BEDC634264C0234008C88A7 /* ClassPodDebugUITests.xctest */ = {isa = PBXFileReference; explicitFileType = wrapper.cfbundle; includeInIndex = 0; path = ClassPodDebugUITests.xctest; sourceTree = BUILT_PRODUCTS_DIR; };
		1BEDC638264C0234008C88A7 /* ClassPodDebugUITests.m */ = {isa = PBXFileReference; lastKnownFileType = sourcecode.c.objc; path = ClassPodDebugUITests.m; sourceTree = "<group>"; };
		1BEDC63A264C0234008C88A7 /* Info.plist */ = {isa = PBXFileReference; lastKnownFileType = text.plist.xml; path = Info.plist; sourceTree = "<group>"; };
		1BFB4EE1265693A000DE33E9 /* SpotifyiOS.framework */ = {isa = PBXFileReference; lastKnownFileType = wrapper.framework; path = SpotifyiOS.framework; sourceTree = "<group>"; };
		1BFB4EF72656982000DE33E9 /* SpotifyDAO.h */ = {isa = PBXFileReference; lastKnownFileType = sourcecode.c.h; path = SpotifyDAO.h; sourceTree = "<group>"; };
		1BFB4EF82656982000DE33E9 /* SpotifyDAO.m */ = {isa = PBXFileReference; lastKnownFileType = sourcecode.c.objc; path = SpotifyDAO.m; sourceTree = "<group>"; };
		1BFB4F2F2658FCF600DE33E9 /* RadioTransmitter.h */ = {isa = PBXFileReference; lastKnownFileType = sourcecode.c.h; path = RadioTransmitter.h; sourceTree = "<group>"; };
		1BFB4F302658FCF600DE33E9 /* RadioTransmitter.m */ = {isa = PBXFileReference; lastKnownFileType = sourcecode.c.objc; path = RadioTransmitter.m; sourceTree = "<group>"; };
		1BFB4F7F265BC06F00DE33E9 /* in_file.mp3 */ = {isa = PBXFileReference; lastKnownFileType = audio.mp3; path = in_file.mp3; sourceTree = "<group>"; };
		1BFB4FA0265E8ADA00DE33E9 /* AVFoundation.framework */ = {isa = PBXFileReference; lastKnownFileType = wrapper.framework; name = AVFoundation.framework; path = System/Library/Frameworks/AVFoundation.framework; sourceTree = SDKROOT; };
		3202ED4926809D5D009A3583 /* Utils.m */ = {isa = PBXFileReference; fileEncoding = 4; lastKnownFileType = sourcecode.c.objc; path = Utils.m; sourceTree = "<group>"; };
		3202ED4A26809D5D009A3583 /* Utils.h */ = {isa = PBXFileReference; fileEncoding = 4; lastKnownFileType = sourcecode.c.h; path = Utils.h; sourceTree = "<group>"; };
		3202ED582680A65B009A3583 /* CellMusic.h */ = {isa = PBXFileReference; lastKnownFileType = sourcecode.c.h; path = CellMusic.h; sourceTree = "<group>"; };
		3202ED592680A65B009A3583 /* CellMusic.m */ = {isa = PBXFileReference; lastKnownFileType = sourcecode.c.objc; path = CellMusic.m; sourceTree = "<group>"; };
		3202ED612680C401009A3583 /* LDWWWTools.m */ = {isa = PBXFileReference; fileEncoding = 4; lastKnownFileType = sourcecode.c.objc; path = LDWWWTools.m; sourceTree = "<group>"; };
		3202ED622680C401009A3583 /* LDWWWTools.h */ = {isa = PBXFileReference; fileEncoding = 4; lastKnownFileType = sourcecode.c.h; path = LDWWWTools.h; sourceTree = "<group>"; };
		3202ED6B26810F9E009A3583 /* ExtAudioConverter.h */ = {isa = PBXFileReference; fileEncoding = 4; lastKnownFileType = sourcecode.c.h; path = ExtAudioConverter.h; sourceTree = "<group>"; };
		3202ED6C26810F9E009A3583 /* libmp3lame.a */ = {isa = PBXFileReference; lastKnownFileType = archive.ar; path = libmp3lame.a; sourceTree = "<group>"; };
		3202ED6D26810F9E009A3583 /* ExtAudioConverter.m */ = {isa = PBXFileReference; fileEncoding = 4; lastKnownFileType = sourcecode.c.objc; path = ExtAudioConverter.m; sourceTree = "<group>"; };
		3202ED6E26810F9E009A3583 /* lame.h */ = {isa = PBXFileReference; fileEncoding = 4; lastKnownFileType = sourcecode.c.h; path = lame.h; sourceTree = "<group>"; };
		322215A726569B63004A38EE /* SelectTeacherVC.h */ = {isa = PBXFileReference; lastKnownFileType = sourcecode.c.h; path = SelectTeacherVC.h; sourceTree = "<group>"; };
		322215A826569B63004A38EE /* SelectTeacherVC.m */ = {isa = PBXFileReference; lastKnownFileType = sourcecode.c.objc; path = SelectTeacherVC.m; sourceTree = "<group>"; };
		32221643265EADFD004A38EE /* CoreVideo.framework */ = {isa = PBXFileReference; lastKnownFileType = wrapper.framework; name = CoreVideo.framework; path = System/Library/Frameworks/CoreVideo.framework; sourceTree = SDKROOT; };
		3222164B265EAE3B004A38EE /* CoreGraphics.framework */ = {isa = PBXFileReference; lastKnownFileType = wrapper.framework; name = CoreGraphics.framework; path = System/Library/Frameworks/CoreGraphics.framework; sourceTree = SDKROOT; };
		322216BA265FFFDE004A38EE /* LDRTPServer.h */ = {isa = PBXFileReference; lastKnownFileType = sourcecode.c.h; path = LDRTPServer.h; sourceTree = "<group>"; };
		322216BB265FFFDE004A38EE /* LDRTPServer.m */ = {isa = PBXFileReference; lastKnownFileType = sourcecode.c.objc; path = LDRTPServer.m; sourceTree = "<group>"; };
		322B33D12642709F00ACD371 /* README.md */ = {isa = PBXFileReference; lastKnownFileType = net.daringfireball.markdown; path = README.md; sourceTree = "<group>"; };
		322B33D526427DE200ACD371 /* TeacherVC.h */ = {isa = PBXFileReference; lastKnownFileType = sourcecode.c.h; path = TeacherVC.h; sourceTree = "<group>"; };
		322B33D626427DE200ACD371 /* TeacherVC.m */ = {isa = PBXFileReference; lastKnownFileType = sourcecode.c.objc; path = TeacherVC.m; sourceTree = "<group>"; };
		322B33DC2642A6A300ACD371 /* DebugPrint.h */ = {isa = PBXFileReference; lastKnownFileType = sourcecode.c.h; path = DebugPrint.h; sourceTree = "<group>"; };
		322B33DD2642A7A300ACD371 /* PrefixHeader.pch */ = {isa = PBXFileReference; lastKnownFileType = sourcecode.c.h; path = PrefixHeader.pch; sourceTree = "<group>"; };
		322B33E72642AC0A00ACD371 /* DAO.h */ = {isa = PBXFileReference; fileEncoding = 4; lastKnownFileType = sourcecode.c.h; path = DAO.h; sourceTree = "<group>"; };
		322B33E82642AC0A00ACD371 /* DAO.m */ = {isa = PBXFileReference; fileEncoding = 4; lastKnownFileType = sourcecode.c.objc; path = DAO.m; sourceTree = "<group>"; };
		322B33ED2642ADE000ACD371 /* StudentVC.h */ = {isa = PBXFileReference; lastKnownFileType = sourcecode.c.h; path = StudentVC.h; sourceTree = "<group>"; };
		322B33EE2642ADE000ACD371 /* StudentVC.m */ = {isa = PBXFileReference; lastKnownFileType = sourcecode.c.objc; path = StudentVC.m; sourceTree = "<group>"; };
		322B33F32642B16400ACD371 /* PreferencesVC.h */ = {isa = PBXFileReference; lastKnownFileType = sourcecode.c.h; path = PreferencesVC.h; sourceTree = "<group>"; };
		322B33F42642B16400ACD371 /* PreferencesVC.m */ = {isa = PBXFileReference; lastKnownFileType = sourcecode.c.objc; path = PreferencesVC.m; sourceTree = "<group>"; };
		322B33F92642B24400ACD371 /* Preferences.h */ = {isa = PBXFileReference; fileEncoding = 4; lastKnownFileType = sourcecode.c.h; path = Preferences.h; sourceTree = "<group>"; };
		322B33FA2642B24400ACD371 /* Preferences.m */ = {isa = PBXFileReference; fileEncoding = 4; lastKnownFileType = sourcecode.c.objc; path = Preferences.m; sourceTree = "<group>"; };
		322B340A2642B80900ACD371 /* CellLabelSwith.h */ = {isa = PBXFileReference; lastKnownFileType = sourcecode.c.h; path = CellLabelSwith.h; sourceTree = "<group>"; };
		322B340B2642B80900ACD371 /* CellLabelSwith.m */ = {isa = PBXFileReference; lastKnownFileType = sourcecode.c.objc; path = CellLabelSwith.m; sourceTree = "<group>"; };
		3253B980264BF73C00ACA5FE /* CellStudentList.h */ = {isa = PBXFileReference; lastKnownFileType = sourcecode.c.h; path = CellStudentList.h; sourceTree = "<group>"; };
		3253B981264BF73C00ACA5FE /* CellStudentList.m */ = {isa = PBXFileReference; lastKnownFileType = sourcecode.c.objc; path = CellStudentList.m; sourceTree = "<group>"; };
		3253B986264BFE2500ACA5FE /* CellTecherList.h */ = {isa = PBXFileReference; lastKnownFileType = sourcecode.c.h; path = CellTecherList.h; sourceTree = "<group>"; };
		3253B987264BFE2500ACA5FE /* CellTecherList.m */ = {isa = PBXFileReference; lastKnownFileType = sourcecode.c.objc; path = CellTecherList.m; sourceTree = "<group>"; };
		32610BA9268C62C60070B1F1 /* SelectClassPodVC.h */ = {isa = PBXFileReference; lastKnownFileType = sourcecode.c.h; path = SelectClassPodVC.h; sourceTree = "<group>"; };
		32610BAA268C62C60070B1F1 /* SelectClassPodVC.m */ = {isa = PBXFileReference; lastKnownFileType = sourcecode.c.objc; path = SelectClassPodVC.m; sourceTree = "<group>"; };
		32610BB2268C66740070B1F1 /* CellClassPods.h */ = {isa = PBXFileReference; lastKnownFileType = sourcecode.c.h; path = CellClassPods.h; sourceTree = "<group>"; };
		32610BB3268C66740070B1F1 /* CellClassPods.m */ = {isa = PBXFileReference; lastKnownFileType = sourcecode.c.objc; path = CellClassPods.m; sourceTree = "<group>"; };
		32788CAD264C22D900FC087E /* ProfileEditVC.h */ = {isa = PBXFileReference; lastKnownFileType = sourcecode.c.h; path = ProfileEditVC.h; sourceTree = "<group>"; };
		32788CAE264C22D900FC087E /* ProfileEditVC.m */ = {isa = PBXFileReference; lastKnownFileType = sourcecode.c.objc; path = ProfileEditVC.m; sourceTree = "<group>"; };
		32AD036201A6D00EFEAFE862 /* Pods-ClassPodTests.debug.xcconfig */ = {isa = PBXFileReference; includeInIndex = 1; lastKnownFileType = text.xcconfig; name = "Pods-ClassPodTests.debug.xcconfig"; path = "Target Support Files/Pods-ClassPodTests/Pods-ClassPodTests.debug.xcconfig"; sourceTree = "<group>"; };
		32E7C6F6266B8AE300D00501 /* GCDAsyncUdpSocket.m */ = {isa = PBXFileReference; fileEncoding = 4; lastKnownFileType = sourcecode.c.objc; path = GCDAsyncUdpSocket.m; sourceTree = "<group>"; };
		32E7C6F7266B8AE300D00501 /* GCDAsyncUdpSocket.h */ = {isa = PBXFileReference; fileEncoding = 4; lastKnownFileType = sourcecode.c.h; path = GCDAsyncUdpSocket.h; sourceTree = "<group>"; };
		32EC1C7526665959003BB7DF /* index.php */ = {isa = PBXFileReference; lastKnownFileType = text.script.php; path = index.php; sourceTree = "<group>"; };
		32F4B0E72680904A00BB2DC0 /* PlayListMakerVC.h */ = {isa = PBXFileReference; lastKnownFileType = sourcecode.c.h; path = PlayListMakerVC.h; sourceTree = "<group>"; };
		32F4B0E82680904A00BB2DC0 /* PlayListMakerVC.m */ = {isa = PBXFileReference; lastKnownFileType = sourcecode.c.objc; path = PlayListMakerVC.m; sourceTree = "<group>"; };
		42E29EED7BDF76F7EA5F5CB9 /* Pods-ClassPodDebugTests.debug.xcconfig */ = {isa = PBXFileReference; includeInIndex = 1; lastKnownFileType = text.xcconfig; name = "Pods-ClassPodDebugTests.debug.xcconfig"; path = "Target Support Files/Pods-ClassPodDebugTests/Pods-ClassPodDebugTests.debug.xcconfig"; sourceTree = "<group>"; };
		4C1D876DC9E9796A01BAB8FD /* libPods-ClassPodDebugTests.a */ = {isa = PBXFileReference; explicitFileType = archive.ar; includeInIndex = 0; path = "libPods-ClassPodDebugTests.a"; sourceTree = BUILT_PRODUCTS_DIR; };
		580C81C84791175BD8E8817C /* Pods-ClassPod-ClassPodDebugUITests.debug.xcconfig */ = {isa = PBXFileReference; includeInIndex = 1; lastKnownFileType = text.xcconfig; name = "Pods-ClassPod-ClassPodDebugUITests.debug.xcconfig"; path = "Target Support Files/Pods-ClassPod-ClassPodDebugUITests/Pods-ClassPod-ClassPodDebugUITests.debug.xcconfig"; sourceTree = "<group>"; };
		63719DF360C74BB789A2DB67 /* Pods-ClassPodDebugUITests.debug.xcconfig */ = {isa = PBXFileReference; includeInIndex = 1; lastKnownFileType = text.xcconfig; name = "Pods-ClassPodDebugUITests.debug.xcconfig"; path = "Target Support Files/Pods-ClassPodDebugUITests/Pods-ClassPodDebugUITests.debug.xcconfig"; sourceTree = "<group>"; };
		715F61B7834D5D9793D438DB /* Pods-ClassPodDebugTests.release.xcconfig */ = {isa = PBXFileReference; includeInIndex = 1; lastKnownFileType = text.xcconfig; name = "Pods-ClassPodDebugTests.release.xcconfig"; path = "Target Support Files/Pods-ClassPodDebugTests/Pods-ClassPodDebugTests.release.xcconfig"; sourceTree = "<group>"; };
		7E2CB34DFF6CD6C7FED64600 /* Pods-ClassPodUITests.debug.xcconfig */ = {isa = PBXFileReference; includeInIndex = 1; lastKnownFileType = text.xcconfig; name = "Pods-ClassPodUITests.debug.xcconfig"; path = "Target Support Files/Pods-ClassPodUITests/Pods-ClassPodUITests.debug.xcconfig"; sourceTree = "<group>"; };
		8C3C32D664BA12352E62558A /* Pods-ClassPod.release.xcconfig */ = {isa = PBXFileReference; includeInIndex = 1; lastKnownFileType = text.xcconfig; name = "Pods-ClassPod.release.xcconfig"; path = "Target Support Files/Pods-ClassPod/Pods-ClassPod.release.xcconfig"; sourceTree = "<group>"; };
		9E16924E1D3C540E506F7D72 /* libPods-ClassPodUITests.a */ = {isa = PBXFileReference; explicitFileType = archive.ar; includeInIndex = 0; path = "libPods-ClassPodUITests.a"; sourceTree = BUILT_PRODUCTS_DIR; };
		A913AB5CBF304FDCB52EDB6D /* Pods-ClassPod-ClassPodDebugUITests.release.xcconfig */ = {isa = PBXFileReference; includeInIndex = 1; lastKnownFileType = text.xcconfig; name = "Pods-ClassPod-ClassPodDebugUITests.release.xcconfig"; path = "Target Support Files/Pods-ClassPod-ClassPodDebugUITests/Pods-ClassPod-ClassPodDebugUITests.release.xcconfig"; sourceTree = "<group>"; };
		B490EC15348A6C8CF788994A /* Pods-ClassPodDebugUITests.release.xcconfig */ = {isa = PBXFileReference; includeInIndex = 1; lastKnownFileType = text.xcconfig; name = "Pods-ClassPodDebugUITests.release.xcconfig"; path = "Target Support Files/Pods-ClassPodDebugUITests/Pods-ClassPodDebugUITests.release.xcconfig"; sourceTree = "<group>"; };
		D2E909944F75AFE4AEF17CA0 /* Pods-ClassPod-ClassPodUITests.debug.xcconfig */ = {isa = PBXFileReference; includeInIndex = 1; lastKnownFileType = text.xcconfig; name = "Pods-ClassPod-ClassPodUITests.debug.xcconfig"; path = "Target Support Files/Pods-ClassPod-ClassPodUITests/Pods-ClassPod-ClassPodUITests.debug.xcconfig"; sourceTree = "<group>"; };
		D6BE109EC5355684BE3E713D /* Pods-ClassPodUITests.release.xcconfig */ = {isa = PBXFileReference; includeInIndex = 1; lastKnownFileType = text.xcconfig; name = "Pods-ClassPodUITests.release.xcconfig"; path = "Target Support Files/Pods-ClassPodUITests/Pods-ClassPodUITests.release.xcconfig"; sourceTree = "<group>"; };
		D9739618603395654E6349D1 /* Pods-ClassPod.debug.xcconfig */ = {isa = PBXFileReference; includeInIndex = 1; lastKnownFileType = text.xcconfig; name = "Pods-ClassPod.debug.xcconfig"; path = "Target Support Files/Pods-ClassPod/Pods-ClassPod.debug.xcconfig"; sourceTree = "<group>"; };
		F90F8209A48F3C0C46BFB155 /* libPods-ClassPodTests.a */ = {isa = PBXFileReference; explicitFileType = archive.ar; includeInIndex = 0; path = "libPods-ClassPodTests.a"; sourceTree = BUILT_PRODUCTS_DIR; };
/* End PBXFileReference section */

/* Begin PBXFrameworksBuildPhase section */
		1BB03AD82640628A00B6096F /* Frameworks */ = {
			isa = PBXFrameworksBuildPhase;
			buildActionMask = 2147483647;
			files = (
				1B03F20526454E07007A9A3A /* CoreMedia.framework in Frameworks */,
				1BFB4EE2265693A000DE33E9 /* SpotifyiOS.framework in Frameworks */,
				1BFB4FA1265E8ADA00DE33E9 /* AVFoundation.framework in Frameworks */,
				1B03F20726454E0F007A9A3A /* MediaPlayer.framework in Frameworks */,
				1B03F20326454DFB007A9A3A /* Network.framework in Frameworks */,
				0E55B80F999EE5CB68CCC2DB /* libPods-ClassPod.a in Frameworks */,
				3202ED83268112EC009A3583 /* libmp3lame.a in Frameworks */,
			);
			runOnlyForDeploymentPostprocessing = 0;
		};
		1BB03AF62640628E00B6096F /* Frameworks */ = {
			isa = PBXFrameworksBuildPhase;
			buildActionMask = 2147483647;
			files = (
				1BFB4EE3265693A000DE33E9 /* SpotifyiOS.framework in Frameworks */,
				25768132E2569D505CBE0F0C /* libPods-ClassPodTests.a in Frameworks */,
			);
			runOnlyForDeploymentPostprocessing = 0;
		};
		1BB03B012640628E00B6096F /* Frameworks */ = {
			isa = PBXFrameworksBuildPhase;
			buildActionMask = 2147483647;
			files = (
				3168CA1ED2DF2460E129F2E3 /* libPods-ClassPodUITests.a in Frameworks */,
			);
			runOnlyForDeploymentPostprocessing = 0;
		};
		1BEDC614264C0233008C88A7 /* Frameworks */ = {
			isa = PBXFrameworksBuildPhase;
			buildActionMask = 2147483647;
			files = (
			);
			runOnlyForDeploymentPostprocessing = 0;
		};
		1BEDC626264C0234008C88A7 /* Frameworks */ = {
			isa = PBXFrameworksBuildPhase;
			buildActionMask = 2147483647;
			files = (
				DF54F693896843A5E3F63200 /* libPods-ClassPodDebugTests.a in Frameworks */,
			);
			runOnlyForDeploymentPostprocessing = 0;
		};
		1BEDC631264C0234008C88A7 /* Frameworks */ = {
			isa = PBXFrameworksBuildPhase;
			buildActionMask = 2147483647;
			files = (
				89DE681AA9FCB6C99DC43FAA /* libPods-ClassPodDebugUITests.a in Frameworks */,
			);
			runOnlyForDeploymentPostprocessing = 0;
		};
/* End PBXFrameworksBuildPhase section */

/* Begin PBXGroup section */
		1B03F1F426454CBF007A9A3A /* GCDAsyncSocket */ = {
			isa = PBXGroup;
			children = (
				1B03F1F526454CD5007A9A3A /* GCDAsyncSocket.h */,
				1B03F1F626454CD5007A9A3A /* GCDAsyncSocket.m */,
			);
			path = GCDAsyncSocket;
			sourceTree = "<group>";
		};
		1B03F20126454DFB007A9A3A /* Frameworks */ = {
			isa = PBXGroup;
			children = (
				3222164B265EAE3B004A38EE /* CoreGraphics.framework */,
				32221643265EADFD004A38EE /* CoreVideo.framework */,
				1BFB4FA0265E8ADA00DE33E9 /* AVFoundation.framework */,
				1BFB4EE1265693A000DE33E9 /* SpotifyiOS.framework */,
				1B03F20626454E0F007A9A3A /* MediaPlayer.framework */,
				1B03F20426454E07007A9A3A /* CoreMedia.framework */,
				1B03F20226454DFB007A9A3A /* Network.framework */,
				137E58259D45FBB3984CB81E /* libPods-ClassPod.a */,
				4C1D876DC9E9796A01BAB8FD /* libPods-ClassPodDebugTests.a */,
				F90F8209A48F3C0C46BFB155 /* libPods-ClassPodTests.a */,
				0420AEB9660A6F78DD869F24 /* libPods-ClassPodDebugUITests.a */,
				9E16924E1D3C540E506F7D72 /* libPods-ClassPodUITests.a */,
			);
			name = Frameworks;
			sourceTree = "<group>";
		};
		1B067FDB2649443C00B7C23C /* DAO */ = {
			isa = PBXGroup;
			children = (
				322B33E72642AC0A00ACD371 /* DAO.h */,
				322B33E82642AC0A00ACD371 /* DAO.m */,
				1B06800C2649483C00B7C23C /* Entities */,
				1B067FDC2649446E00B7C23C /* ClassPod.xcdatamodeld */,
			);
			path = DAO;
			sourceTree = "<group>";
		};
		1B06800C2649483C00B7C23C /* Entities */ = {
			isa = PBXGroup;
			children = (
				1B067FEA2649482000B7C23C /* Student+CoreDataClass.h */,
				1B067FEB2649482000B7C23C /* Student+CoreDataClass.m */,
				1B067FE92649482000B7C23C /* Student+CoreDataProperties.h */,
				1B067FEC2649482000B7C23C /* Student+CoreDataProperties.m */,
				1B067FEE2649482000B7C23C /* Music+CoreDataClass.h */,
				1B067FEF2649482000B7C23C /* Music+CoreDataClass.m */,
				1B067FED2649482000B7C23C /* Music+CoreDataProperties.h */,
				1B067FF02649482000B7C23C /* Music+CoreDataProperties.m */,
				1B067FF22649482000B7C23C /* Teacher+CoreDataClass.h */,
				1B067FF32649482000B7C23C /* Teacher+CoreDataClass.m */,
				1B067FF12649482000B7C23C /* Teacher+CoreDataProperties.h */,
				1B067FF42649482000B7C23C /* Teacher+CoreDataProperties.m */,
				1B067FF62649482000B7C23C /* ClassPod+CoreDataClass.h */,
				1B067FF72649482000B7C23C /* ClassPod+CoreDataClass.m */,
				1B067FF52649482000B7C23C /* ClassPod+CoreDataProperties.h */,
				1B067FF82649482100B7C23C /* ClassPod+CoreDataProperties.m */,
			);
			path = Entities;
			sourceTree = "<group>";
		};
		1BB03AD22640628A00B6096F = {
			isa = PBXGroup;
			children = (
				322B33D12642709F00ACD371 /* README.md */,
				1BB03ADD2640628A00B6096F /* ClassPod */,
				1BB03AFC2640628E00B6096F /* ClassPodTests */,
				1BB03B072640628E00B6096F /* ClassPodUITests */,
				1BEDC618264C0233008C88A7 /* ClassPodDebug */,
				1BEDC62C264C0234008C88A7 /* ClassPodDebugTests */,
				1BEDC637264C0234008C88A7 /* ClassPodDebugUITests */,
				1BB03ADC2640628A00B6096F /* Products */,
				1B03F20126454DFB007A9A3A /* Frameworks */,
				C26DC5302B3EDCC3E551B503 /* Pods */,
			);
			sourceTree = "<group>";
		};
		1BB03ADC2640628A00B6096F /* Products */ = {
			isa = PBXGroup;
			children = (
				1BB03ADB2640628A00B6096F /* ClassPod.app */,
				1BB03AF92640628E00B6096F /* ClassPodTests.xctest */,
				1BB03B042640628E00B6096F /* ClassPodUITests.xctest */,
				1BEDC617264C0233008C88A7 /* ClassPodDebug.app */,
				1BEDC629264C0234008C88A7 /* ClassPodDebugTests.xctest */,
				1BEDC634264C0234008C88A7 /* ClassPodDebugUITests.xctest */,
			);
			name = Products;
			sourceTree = "<group>";
		};
		1BB03ADD2640628A00B6096F /* ClassPod */ = {
			isa = PBXGroup;
			children = (
				1BFB4F2E2658FCCD00DE33E9 /* RadioTransmitter */,
				1BFB4EF0265697FA00DE33E9 /* SpotifyStuff */,
				1B067FDB2649443C00B7C23C /* DAO */,
				1BB03B1A2640640000B6096F /* LANSettings */,
				1BB03B192640637600B6096F /* ClassPod.entitlements */,
				322B33DD2642A7A300ACD371 /* PrefixHeader.pch */,
				322B33DB2642A68E00ACD371 /* Helpers */,
				322B34002642B44500ACD371 /* Prefs */,
				3287CD9C268306650096D2CE /* Teacher */,
				3287CDB52683069D0096D2CE /* Student */,
				1BB03ADE2640628A00B6096F /* AppDelegate.h */,
				1BB03ADF2640628A00B6096F /* AppDelegate.m */,
				1BB03AE12640628A00B6096F /* SceneDelegate.h */,
				1BB03AE22640628A00B6096F /* SceneDelegate.m */,
				1BB03AE42640628A00B6096F /* ViewController.h */,
				1BB03AE52640628A00B6096F /* ViewController.m */,
				1BB03AE72640628B00B6096F /* Main.storyboard */,
				1BB03AED2640628D00B6096F /* Assets.xcassets */,
				1BB03AEF2640628D00B6096F /* LaunchScreen.storyboard */,
				1BB03AF22640628D00B6096F /* Info.plist */,
				1BB03AF32640628D00B6096F /* main.m */,
			);
			path = ClassPod;
			sourceTree = "<group>";
		};
		1BB03AFC2640628E00B6096F /* ClassPodTests */ = {
			isa = PBXGroup;
			children = (
				1BB03AFD2640628E00B6096F /* ClassPodTests.m */,
				1BB03AFF2640628E00B6096F /* Info.plist */,
			);
			path = ClassPodTests;
			sourceTree = "<group>";
		};
		1BB03B072640628E00B6096F /* ClassPodUITests */ = {
			isa = PBXGroup;
			children = (
				1BB03B082640628E00B6096F /* ClassPodUITests.m */,
				1BB03B0A2640628E00B6096F /* Info.plist */,
			);
			path = ClassPodUITests;
			sourceTree = "<group>";
		};
		1BB03B1A2640640000B6096F /* LANSettings */ = {
			isa = PBXGroup;
			children = (
				1B03F1F426454CBF007A9A3A /* GCDAsyncSocket */,
				1B751DB02642B500001D86B6 /* chatterclient-bonjour.m */,
				1B751DB12642B500001D86B6 /* chatterserver-bonjour.m */,
				1B751DA52642B083001D86B6 /* ServiceLocator.h */,
				1B751DA62642B083001D86B6 /* ServiceLocator.m */,
			);
			path = LANSettings;
			sourceTree = "<group>";
		};
		1BEDC618264C0233008C88A7 /* ClassPodDebug */ = {
			isa = PBXGroup;
			children = (
				1BEDC619264C0233008C88A7 /* AppDelegate.h */,
				1BEDC61A264C0233008C88A7 /* AppDelegate.m */,
				1BEDC61C264C0233008C88A7 /* Assets.xcassets */,
				1BEDC61E264C0233008C88A7 /* MainMenu.xib */,
				1BEDC621264C0233008C88A7 /* Info.plist */,
				1BEDC622264C0234008C88A7 /* main.m */,
				1BEDC624264C0234008C88A7 /* ClassPodDebug.entitlements */,
			);
			path = ClassPodDebug;
			sourceTree = "<group>";
		};
		1BEDC62C264C0234008C88A7 /* ClassPodDebugTests */ = {
			isa = PBXGroup;
			children = (
				1BEDC62D264C0234008C88A7 /* ClassPodDebugTests.m */,
				1BEDC62F264C0234008C88A7 /* Info.plist */,
			);
			path = ClassPodDebugTests;
			sourceTree = "<group>";
		};
		1BEDC637264C0234008C88A7 /* ClassPodDebugUITests */ = {
			isa = PBXGroup;
			children = (
				1BEDC638264C0234008C88A7 /* ClassPodDebugUITests.m */,
				1BEDC63A264C0234008C88A7 /* Info.plist */,
			);
			path = ClassPodDebugUITests;
			sourceTree = "<group>";
		};
		1BFB4EF0265697FA00DE33E9 /* SpotifyStuff */ = {
			isa = PBXGroup;
			children = (
				1BFB4EF72656982000DE33E9 /* SpotifyDAO.h */,
				1BFB4EF82656982000DE33E9 /* SpotifyDAO.m */,
			);
			path = SpotifyStuff;
			sourceTree = "<group>";
		};
		1BFB4F2E2658FCCD00DE33E9 /* RadioTransmitter */ = {
			isa = PBXGroup;
			children = (
				1BFB4F7E265BC05C00DE33E9 /* Media */,
				1BFB4F2F2658FCF600DE33E9 /* RadioTransmitter.h */,
				1BFB4F302658FCF600DE33E9 /* RadioTransmitter.m */,
				322216BA265FFFDE004A38EE /* LDRTPServer.h */,
				322216BB265FFFDE004A38EE /* LDRTPServer.m */,
				32E7C6F7266B8AE300D00501 /* GCDAsyncUdpSocket.h */,
				32E7C6F6266B8AE300D00501 /* GCDAsyncUdpSocket.m */,
				32EC1C682666591F003BB7DF /* PHP Streeming Server */,
			);
			path = RadioTransmitter;
			sourceTree = "<group>";
		};
		1BFB4F7E265BC05C00DE33E9 /* Media */ = {
			isa = PBXGroup;
			children = (
				1BFB4F7F265BC06F00DE33E9 /* in_file.mp3 */,
			);
			path = Media;
			sourceTree = "<group>";
		};
		3202ED6A26810F9E009A3583 /* ExtAudioConverter */ = {
			isa = PBXGroup;
			children = (
				3202ED6B26810F9E009A3583 /* ExtAudioConverter.h */,
				3202ED6D26810F9E009A3583 /* ExtAudioConverter.m */,
				3202ED6E26810F9E009A3583 /* lame.h */,
				3202ED6C26810F9E009A3583 /* libmp3lame.a */,
			);
			path = ExtAudioConverter;
			sourceTree = "<group>";
		};
		322B33DB2642A68E00ACD371 /* Helpers */ = {
			isa = PBXGroup;
			children = (
				3202ED6A26810F9E009A3583 /* ExtAudioConverter */,
				322B33DC2642A6A300ACD371 /* DebugPrint.h */,
				3202ED4A26809D5D009A3583 /* Utils.h */,
				3202ED4926809D5D009A3583 /* Utils.m */,
				3202ED622680C401009A3583 /* LDWWWTools.h */,
				3202ED612680C401009A3583 /* LDWWWTools.m */,
			);
			path = Helpers;
			sourceTree = "<group>";
		};
		322B34002642B44500ACD371 /* Prefs */ = {
			isa = PBXGroup;
			children = (
				322B33F92642B24400ACD371 /* Preferences.h */,
				322B33FA2642B24400ACD371 /* Preferences.m */,
				322B33F32642B16400ACD371 /* PreferencesVC.h */,
				322B33F42642B16400ACD371 /* PreferencesVC.m */,
				322B340A2642B80900ACD371 /* CellLabelSwith.h */,
				322B340B2642B80900ACD371 /* CellLabelSwith.m */,
				32788CAD264C22D900FC087E /* ProfileEditVC.h */,
				32788CAE264C22D900FC087E /* ProfileEditVC.m */,
			);
			path = Prefs;
			sourceTree = "<group>";
		};
		3287CD9C268306650096D2CE /* Teacher */ = {
			isa = PBXGroup;
			children = (
				32610BA9268C62C60070B1F1 /* SelectClassPodVC.h */,
				32610BAA268C62C60070B1F1 /* SelectClassPodVC.m */,
				32610BB2268C66740070B1F1 /* CellClassPods.h */,
				32610BB3268C66740070B1F1 /* CellClassPods.m */,
				322B33D526427DE200ACD371 /* TeacherVC.h */,
				322B33D626427DE200ACD371 /* TeacherVC.m */,
				32F4B0E72680904A00BB2DC0 /* PlayListMakerVC.h */,
				32F4B0E82680904A00BB2DC0 /* PlayListMakerVC.m */,
				3202ED582680A65B009A3583 /* CellMusic.h */,
				3202ED592680A65B009A3583 /* CellMusic.m */,
				3253B980264BF73C00ACA5FE /* CellStudentList.h */,
				3253B981264BF73C00ACA5FE /* CellStudentList.m */,
			);
			path = Teacher;
			sourceTree = "<group>";
		};
		3287CDB52683069D0096D2CE /* Student */ = {
			isa = PBXGroup;
			children = (
				322215A726569B63004A38EE /* SelectTeacherVC.h */,
				322215A826569B63004A38EE /* SelectTeacherVC.m */,
				322B33ED2642ADE000ACD371 /* StudentVC.h */,
				322B33EE2642ADE000ACD371 /* StudentVC.m */,
				3253B986264BFE2500ACA5FE /* CellTecherList.h */,
				3253B987264BFE2500ACA5FE /* CellTecherList.m */,
			);
			path = Student;
			sourceTree = "<group>";
		};
		32EC1C682666591F003BB7DF /* PHP Streeming Server */ = {
			isa = PBXGroup;
			children = (
				32EC1C7526665959003BB7DF /* index.php */,
			);
			path = "PHP Streeming Server";
			sourceTree = "<group>";
		};
		C26DC5302B3EDCC3E551B503 /* Pods */ = {
			isa = PBXGroup;
			children = (
				D9739618603395654E6349D1 /* Pods-ClassPod.debug.xcconfig */,
				8C3C32D664BA12352E62558A /* Pods-ClassPod.release.xcconfig */,
				580C81C84791175BD8E8817C /* Pods-ClassPod-ClassPodDebugUITests.debug.xcconfig */,
				A913AB5CBF304FDCB52EDB6D /* Pods-ClassPod-ClassPodDebugUITests.release.xcconfig */,
				D2E909944F75AFE4AEF17CA0 /* Pods-ClassPod-ClassPodUITests.debug.xcconfig */,
				09DBBF33C7D8CBCE2DC428B2 /* Pods-ClassPod-ClassPodUITests.release.xcconfig */,
				42E29EED7BDF76F7EA5F5CB9 /* Pods-ClassPodDebugTests.debug.xcconfig */,
				715F61B7834D5D9793D438DB /* Pods-ClassPodDebugTests.release.xcconfig */,
				32AD036201A6D00EFEAFE862 /* Pods-ClassPodTests.debug.xcconfig */,
				13D3FC27489DA654BA8438CE /* Pods-ClassPodTests.release.xcconfig */,
				63719DF360C74BB789A2DB67 /* Pods-ClassPodDebugUITests.debug.xcconfig */,
				B490EC15348A6C8CF788994A /* Pods-ClassPodDebugUITests.release.xcconfig */,
				7E2CB34DFF6CD6C7FED64600 /* Pods-ClassPodUITests.debug.xcconfig */,
				D6BE109EC5355684BE3E713D /* Pods-ClassPodUITests.release.xcconfig */,
			);
			path = Pods;
			sourceTree = "<group>";
		};
/* End PBXGroup section */

/* Begin PBXNativeTarget section */
		1BB03ADA2640628A00B6096F /* ClassPod */ = {
			isa = PBXNativeTarget;
			buildConfigurationList = 1BB03B0D2640628E00B6096F /* Build configuration list for PBXNativeTarget "ClassPod" */;
			buildPhases = (
				D89F887B61FC9B7C9AC97423 /* [CP] Check Pods Manifest.lock */,
				1BB03AD72640628A00B6096F /* Sources */,
				1BB03AD82640628A00B6096F /* Frameworks */,
				1BB03AD92640628A00B6096F /* Resources */,
			);
			buildRules = (
			);
			dependencies = (
			);
			name = ClassPod;
			productName = ClassPod;
			productReference = 1BB03ADB2640628A00B6096F /* ClassPod.app */;
			productType = "com.apple.product-type.application";
		};
		1BB03AF82640628E00B6096F /* ClassPodTests */ = {
			isa = PBXNativeTarget;
			buildConfigurationList = 1BB03B102640628E00B6096F /* Build configuration list for PBXNativeTarget "ClassPodTests" */;
			buildPhases = (
				4B6ED2FCF6641DEAAC48A1AF /* [CP] Check Pods Manifest.lock */,
				1BB03AF52640628E00B6096F /* Sources */,
				1BB03AF62640628E00B6096F /* Frameworks */,
				1BB03AF72640628E00B6096F /* Resources */,
			);
			buildRules = (
			);
			dependencies = (
				1BB03AFB2640628E00B6096F /* PBXTargetDependency */,
			);
			name = ClassPodTests;
			productName = ClassPodTests;
			productReference = 1BB03AF92640628E00B6096F /* ClassPodTests.xctest */;
			productType = "com.apple.product-type.bundle.unit-test";
		};
		1BB03B032640628E00B6096F /* ClassPodUITests */ = {
			isa = PBXNativeTarget;
			buildConfigurationList = 1BB03B132640628E00B6096F /* Build configuration list for PBXNativeTarget "ClassPodUITests" */;
			buildPhases = (
				19F1BCE34554E790DA0EB74A /* [CP] Check Pods Manifest.lock */,
				1BB03B002640628E00B6096F /* Sources */,
				1BB03B012640628E00B6096F /* Frameworks */,
				1BB03B022640628E00B6096F /* Resources */,
			);
			buildRules = (
			);
			dependencies = (
				1BB03B062640628E00B6096F /* PBXTargetDependency */,
			);
			name = ClassPodUITests;
			productName = ClassPodUITests;
			productReference = 1BB03B042640628E00B6096F /* ClassPodUITests.xctest */;
			productType = "com.apple.product-type.bundle.ui-testing";
		};
		1BEDC616264C0233008C88A7 /* ClassPodDebug */ = {
			isa = PBXNativeTarget;
			buildConfigurationList = 1BEDC641264C0234008C88A7 /* Build configuration list for PBXNativeTarget "ClassPodDebug" */;
			buildPhases = (
				1BEDC613264C0233008C88A7 /* Sources */,
				1BEDC614264C0233008C88A7 /* Frameworks */,
				1BEDC615264C0233008C88A7 /* Resources */,
			);
			buildRules = (
			);
			dependencies = (
			);
			name = ClassPodDebug;
			productName = ClassPodDebug;
			productReference = 1BEDC617264C0233008C88A7 /* ClassPodDebug.app */;
			productType = "com.apple.product-type.application";
		};
		1BEDC628264C0234008C88A7 /* ClassPodDebugTests */ = {
			isa = PBXNativeTarget;
			buildConfigurationList = 1BEDC642264C0234008C88A7 /* Build configuration list for PBXNativeTarget "ClassPodDebugTests" */;
			buildPhases = (
				A99E953F28432F7A30AF3099 /* [CP] Check Pods Manifest.lock */,
				1BEDC625264C0234008C88A7 /* Sources */,
				1BEDC626264C0234008C88A7 /* Frameworks */,
				1BEDC627264C0234008C88A7 /* Resources */,
			);
			buildRules = (
			);
			dependencies = (
				1BEDC62B264C0234008C88A7 /* PBXTargetDependency */,
			);
			name = ClassPodDebugTests;
			productName = ClassPodDebugTests;
			productReference = 1BEDC629264C0234008C88A7 /* ClassPodDebugTests.xctest */;
			productType = "com.apple.product-type.bundle.unit-test";
		};
		1BEDC633264C0234008C88A7 /* ClassPodDebugUITests */ = {
			isa = PBXNativeTarget;
			buildConfigurationList = 1BEDC643264C0234008C88A7 /* Build configuration list for PBXNativeTarget "ClassPodDebugUITests" */;
			buildPhases = (
				7AEC93C797F7EF5B446363F4 /* [CP] Check Pods Manifest.lock */,
				1BEDC630264C0234008C88A7 /* Sources */,
				1BEDC631264C0234008C88A7 /* Frameworks */,
				1BEDC632264C0234008C88A7 /* Resources */,
			);
			buildRules = (
			);
			dependencies = (
				1BEDC636264C0234008C88A7 /* PBXTargetDependency */,
			);
			name = ClassPodDebugUITests;
			productName = ClassPodDebugUITests;
			productReference = 1BEDC634264C0234008C88A7 /* ClassPodDebugUITests.xctest */;
			productType = "com.apple.product-type.bundle.ui-testing";
		};
/* End PBXNativeTarget section */

/* Begin PBXProject section */
		1BB03AD32640628A00B6096F /* Project object */ = {
			isa = PBXProject;
			attributes = {
				LastUpgradeCheck = 1240;
				TargetAttributes = {
					1BB03ADA2640628A00B6096F = {
						CreatedOnToolsVersion = 12.4;
					};
					1BB03AF82640628E00B6096F = {
						CreatedOnToolsVersion = 12.4;
						TestTargetID = 1BB03ADA2640628A00B6096F;
					};
					1BB03B032640628E00B6096F = {
						CreatedOnToolsVersion = 12.4;
						TestTargetID = 1BB03ADA2640628A00B6096F;
					};
					1BEDC616264C0233008C88A7 = {
						CreatedOnToolsVersion = 12.4;
					};
					1BEDC628264C0234008C88A7 = {
						CreatedOnToolsVersion = 12.4;
						TestTargetID = 1BEDC616264C0233008C88A7;
					};
					1BEDC633264C0234008C88A7 = {
						CreatedOnToolsVersion = 12.4;
						TestTargetID = 1BEDC616264C0233008C88A7;
					};
				};
			};
			buildConfigurationList = 1BB03AD62640628A00B6096F /* Build configuration list for PBXProject "ClassPod" */;
			compatibilityVersion = "Xcode 9.3";
			developmentRegion = en;
			hasScannedForEncodings = 0;
			knownRegions = (
				en,
				Base,
			);
			mainGroup = 1BB03AD22640628A00B6096F;
			productRefGroup = 1BB03ADC2640628A00B6096F /* Products */;
			projectDirPath = "";
			projectRoot = "";
			targets = (
				1BB03ADA2640628A00B6096F /* ClassPod */,
				1BB03AF82640628E00B6096F /* ClassPodTests */,
				1BB03B032640628E00B6096F /* ClassPodUITests */,
				1BEDC616264C0233008C88A7 /* ClassPodDebug */,
				1BEDC628264C0234008C88A7 /* ClassPodDebugTests */,
				1BEDC633264C0234008C88A7 /* ClassPodDebugUITests */,
			);
		};
/* End PBXProject section */

/* Begin PBXResourcesBuildPhase section */
		1BB03AD92640628A00B6096F /* Resources */ = {
			isa = PBXResourcesBuildPhase;
			buildActionMask = 2147483647;
			files = (
				1BB03AF12640628D00B6096F /* LaunchScreen.storyboard in Resources */,
				1BB03AEE2640628D00B6096F /* Assets.xcassets in Resources */,
				1BB03AE92640628B00B6096F /* Main.storyboard in Resources */,
				1BFB4F80265BC06F00DE33E9 /* in_file.mp3 in Resources */,
			);
			runOnlyForDeploymentPostprocessing = 0;
		};
		1BB03AF72640628E00B6096F /* Resources */ = {
			isa = PBXResourcesBuildPhase;
			buildActionMask = 2147483647;
			files = (
			);
			runOnlyForDeploymentPostprocessing = 0;
		};
		1BB03B022640628E00B6096F /* Resources */ = {
			isa = PBXResourcesBuildPhase;
			buildActionMask = 2147483647;
			files = (
			);
			runOnlyForDeploymentPostprocessing = 0;
		};
		1BEDC615264C0233008C88A7 /* Resources */ = {
			isa = PBXResourcesBuildPhase;
			buildActionMask = 2147483647;
			files = (
				1BEDC61D264C0233008C88A7 /* Assets.xcassets in Resources */,
				1BEDC620264C0233008C88A7 /* MainMenu.xib in Resources */,
			);
			runOnlyForDeploymentPostprocessing = 0;
		};
		1BEDC627264C0234008C88A7 /* Resources */ = {
			isa = PBXResourcesBuildPhase;
			buildActionMask = 2147483647;
			files = (
			);
			runOnlyForDeploymentPostprocessing = 0;
		};
		1BEDC632264C0234008C88A7 /* Resources */ = {
			isa = PBXResourcesBuildPhase;
			buildActionMask = 2147483647;
			files = (
			);
			runOnlyForDeploymentPostprocessing = 0;
		};
/* End PBXResourcesBuildPhase section */

/* Begin PBXShellScriptBuildPhase section */
		19F1BCE34554E790DA0EB74A /* [CP] Check Pods Manifest.lock */ = {
			isa = PBXShellScriptBuildPhase;
			buildActionMask = 2147483647;
			files = (
			);
			inputFileListPaths = (
			);
			inputPaths = (
				"${PODS_PODFILE_DIR_PATH}/Podfile.lock",
				"${PODS_ROOT}/Manifest.lock",
			);
			name = "[CP] Check Pods Manifest.lock";
			outputFileListPaths = (
			);
			outputPaths = (
				"$(DERIVED_FILE_DIR)/Pods-ClassPodUITests-checkManifestLockResult.txt",
			);
			runOnlyForDeploymentPostprocessing = 0;
			shellPath = /bin/sh;
			shellScript = "diff \"${PODS_PODFILE_DIR_PATH}/Podfile.lock\" \"${PODS_ROOT}/Manifest.lock\" > /dev/null\nif [ $? != 0 ] ; then\n    # print error to STDERR\n    echo \"error: The sandbox is not in sync with the Podfile.lock. Run 'pod install' or update your CocoaPods installation.\" >&2\n    exit 1\nfi\n# This output is used by Xcode 'outputs' to avoid re-running this script phase.\necho \"SUCCESS\" > \"${SCRIPT_OUTPUT_FILE_0}\"\n";
			showEnvVarsInLog = 0;
		};
		4B6ED2FCF6641DEAAC48A1AF /* [CP] Check Pods Manifest.lock */ = {
			isa = PBXShellScriptBuildPhase;
			buildActionMask = 2147483647;
			files = (
			);
			inputFileListPaths = (
			);
			inputPaths = (
				"${PODS_PODFILE_DIR_PATH}/Podfile.lock",
				"${PODS_ROOT}/Manifest.lock",
			);
			name = "[CP] Check Pods Manifest.lock";
			outputFileListPaths = (
			);
			outputPaths = (
				"$(DERIVED_FILE_DIR)/Pods-ClassPodTests-checkManifestLockResult.txt",
			);
			runOnlyForDeploymentPostprocessing = 0;
			shellPath = /bin/sh;
			shellScript = "diff \"${PODS_PODFILE_DIR_PATH}/Podfile.lock\" \"${PODS_ROOT}/Manifest.lock\" > /dev/null\nif [ $? != 0 ] ; then\n    # print error to STDERR\n    echo \"error: The sandbox is not in sync with the Podfile.lock. Run 'pod install' or update your CocoaPods installation.\" >&2\n    exit 1\nfi\n# This output is used by Xcode 'outputs' to avoid re-running this script phase.\necho \"SUCCESS\" > \"${SCRIPT_OUTPUT_FILE_0}\"\n";
			showEnvVarsInLog = 0;
		};
		7AEC93C797F7EF5B446363F4 /* [CP] Check Pods Manifest.lock */ = {
			isa = PBXShellScriptBuildPhase;
			buildActionMask = 2147483647;
			files = (
			);
			inputFileListPaths = (
			);
			inputPaths = (
				"${PODS_PODFILE_DIR_PATH}/Podfile.lock",
				"${PODS_ROOT}/Manifest.lock",
			);
			name = "[CP] Check Pods Manifest.lock";
			outputFileListPaths = (
			);
			outputPaths = (
				"$(DERIVED_FILE_DIR)/Pods-ClassPodDebugUITests-checkManifestLockResult.txt",
			);
			runOnlyForDeploymentPostprocessing = 0;
			shellPath = /bin/sh;
			shellScript = "diff \"${PODS_PODFILE_DIR_PATH}/Podfile.lock\" \"${PODS_ROOT}/Manifest.lock\" > /dev/null\nif [ $? != 0 ] ; then\n    # print error to STDERR\n    echo \"error: The sandbox is not in sync with the Podfile.lock. Run 'pod install' or update your CocoaPods installation.\" >&2\n    exit 1\nfi\n# This output is used by Xcode 'outputs' to avoid re-running this script phase.\necho \"SUCCESS\" > \"${SCRIPT_OUTPUT_FILE_0}\"\n";
			showEnvVarsInLog = 0;
		};
		A99E953F28432F7A30AF3099 /* [CP] Check Pods Manifest.lock */ = {
			isa = PBXShellScriptBuildPhase;
			buildActionMask = 2147483647;
			files = (
			);
			inputFileListPaths = (
			);
			inputPaths = (
				"${PODS_PODFILE_DIR_PATH}/Podfile.lock",
				"${PODS_ROOT}/Manifest.lock",
			);
			name = "[CP] Check Pods Manifest.lock";
			outputFileListPaths = (
			);
			outputPaths = (
				"$(DERIVED_FILE_DIR)/Pods-ClassPodDebugTests-checkManifestLockResult.txt",
			);
			runOnlyForDeploymentPostprocessing = 0;
			shellPath = /bin/sh;
			shellScript = "diff \"${PODS_PODFILE_DIR_PATH}/Podfile.lock\" \"${PODS_ROOT}/Manifest.lock\" > /dev/null\nif [ $? != 0 ] ; then\n    # print error to STDERR\n    echo \"error: The sandbox is not in sync with the Podfile.lock. Run 'pod install' or update your CocoaPods installation.\" >&2\n    exit 1\nfi\n# This output is used by Xcode 'outputs' to avoid re-running this script phase.\necho \"SUCCESS\" > \"${SCRIPT_OUTPUT_FILE_0}\"\n";
			showEnvVarsInLog = 0;
		};
		D89F887B61FC9B7C9AC97423 /* [CP] Check Pods Manifest.lock */ = {
			isa = PBXShellScriptBuildPhase;
			buildActionMask = 2147483647;
			files = (
			);
			inputFileListPaths = (
			);
			inputPaths = (
				"${PODS_PODFILE_DIR_PATH}/Podfile.lock",
				"${PODS_ROOT}/Manifest.lock",
			);
			name = "[CP] Check Pods Manifest.lock";
			outputFileListPaths = (
			);
			outputPaths = (
				"$(DERIVED_FILE_DIR)/Pods-ClassPod-checkManifestLockResult.txt",
			);
			runOnlyForDeploymentPostprocessing = 0;
			shellPath = /bin/sh;
			shellScript = "diff \"${PODS_PODFILE_DIR_PATH}/Podfile.lock\" \"${PODS_ROOT}/Manifest.lock\" > /dev/null\nif [ $? != 0 ] ; then\n    # print error to STDERR\n    echo \"error: The sandbox is not in sync with the Podfile.lock. Run 'pod install' or update your CocoaPods installation.\" >&2\n    exit 1\nfi\n# This output is used by Xcode 'outputs' to avoid re-running this script phase.\necho \"SUCCESS\" > \"${SCRIPT_OUTPUT_FILE_0}\"\n";
			showEnvVarsInLog = 0;
		};
/* End PBXShellScriptBuildPhase section */

/* Begin PBXSourcesBuildPhase section */
		1BB03AD72640628A00B6096F /* Sources */ = {
			isa = PBXSourcesBuildPhase;
			buildActionMask = 2147483647;
			files = (
				1BB03AF42640628D00B6096F /* main.m in Sources */,
				32610BAB268C62C60070B1F1 /* SelectClassPodVC.m in Sources */,
				3253B982264BF73C00ACA5FE /* CellStudentList.m in Sources */,
				32E7C6F8266B8AE300D00501 /* GCDAsyncUdpSocket.m in Sources */,
				1B067FFB2649482100B7C23C /* Student+CoreDataProperties.m in Sources */,
				1B03F1F726454CD5007A9A3A /* GCDAsyncSocket.m in Sources */,
				1BB03AE62640628A00B6096F /* ViewController.m in Sources */,
				322215A926569B63004A38EE /* SelectTeacherVC.m in Sources */,
				3202ED5A2680A65B009A3583 /* CellMusic.m in Sources */,
				1B0680052649482100B7C23C /* ClassPod+CoreDataClass.m in Sources */,
				1B0680012649482100B7C23C /* Teacher+CoreDataClass.m in Sources */,
				1BFB4F312658FCF600DE33E9 /* RadioTransmitter.m in Sources */,
				322B340C2642B80900ACD371 /* CellLabelSwith.m in Sources */,
				1B067FFD2649482100B7C23C /* Music+CoreDataClass.m in Sources */,
				1BB03AE02640628A00B6096F /* AppDelegate.m in Sources */,
				322B33FB2642B24500ACD371 /* Preferences.m in Sources */,
				322216BC265FFFDE004A38EE /* LDRTPServer.m in Sources */,
				3253B988264BFE2500ACA5FE /* CellTecherList.m in Sources */,
				3202ED7026810F9E009A3583 /* ExtAudioConverter.m in Sources */,
				1BFB4EF92656982000DE33E9 /* SpotifyDAO.m in Sources */,
				32F4B0E92680904A00BB2DC0 /* PlayListMakerVC.m in Sources */,
				1B751DA72642B083001D86B6 /* ServiceLocator.m in Sources */,
				1B067FF92649482100B7C23C /* Student+CoreDataClass.m in Sources */,
				3202ED4B26809D5D009A3583 /* Utils.m in Sources */,
				1BB03AE32640628A00B6096F /* SceneDelegate.m in Sources */,
				322B33D726427DE200ACD371 /* TeacherVC.m in Sources */,
				1B067FFF2649482100B7C23C /* Music+CoreDataProperties.m in Sources */,
				1B0680072649482100B7C23C /* ClassPod+CoreDataProperties.m in Sources */,
				3202ED632680C401009A3583 /* LDWWWTools.m in Sources */,
				32788CAF264C22D900FC087E /* ProfileEditVC.m in Sources */,
				32610BB4268C66750070B1F1 /* CellClassPods.m in Sources */,
				1B0680032649482100B7C23C /* Teacher+CoreDataProperties.m in Sources */,
				322B33EF2642ADE000ACD371 /* StudentVC.m in Sources */,
				322B33F52642B16400ACD371 /* PreferencesVC.m in Sources */,
				1B067FDE2649446E00B7C23C /* ClassPod.xcdatamodeld in Sources */,
				322B33E92642AC0B00ACD371 /* DAO.m in Sources */,
			);
			runOnlyForDeploymentPostprocessing = 0;
		};
		1BB03AF52640628E00B6096F /* Sources */ = {
			isa = PBXSourcesBuildPhase;
			buildActionMask = 2147483647;
			files = (
				1B0680202649759D00B7C23C /* DAO.m in Sources */,
				1B751DA82642B083001D86B6 /* ServiceLocator.m in Sources */,
				1B067FFC2649482100B7C23C /* Student+CoreDataProperties.m in Sources */,
				1B0680082649482100B7C23C /* ClassPod+CoreDataProperties.m in Sources */,
				1B0680022649482100B7C23C /* Teacher+CoreDataClass.m in Sources */,
				1B067FFA2649482100B7C23C /* Student+CoreDataClass.m in Sources */,
				1B0680062649482100B7C23C /* ClassPod+CoreDataClass.m in Sources */,
				1BB03AFE2640628E00B6096F /* ClassPodTests.m in Sources */,
				1B0680042649482100B7C23C /* Teacher+CoreDataProperties.m in Sources */,
				1B067FE22649465F00B7C23C /* ClassPod.xcdatamodeld in Sources */,
				1B067FFE2649482100B7C23C /* Music+CoreDataClass.m in Sources */,
				1B0680002649482100B7C23C /* Music+CoreDataProperties.m in Sources */,
				1BFB4EFA2656982000DE33E9 /* SpotifyDAO.m in Sources */,
			);
			runOnlyForDeploymentPostprocessing = 0;
		};
		1BB03B002640628E00B6096F /* Sources */ = {
			isa = PBXSourcesBuildPhase;
			buildActionMask = 2147483647;
			files = (
				1BB03B092640628E00B6096F /* ClassPodUITests.m in Sources */,
			);
			runOnlyForDeploymentPostprocessing = 0;
		};
		1BEDC613264C0233008C88A7 /* Sources */ = {
			isa = PBXSourcesBuildPhase;
			buildActionMask = 2147483647;
			files = (
				1BEDC64A264C0243008C88A7 /* DAO.m in Sources */,
				1BEDC692264C0489008C88A7 /* GCDAsyncSocket.m in Sources */,
				1BEDC658264C0251008C88A7 /* Student+CoreDataProperties.m in Sources */,
				1BEDC689264C0275008C88A7 /* ClassPod.xcdatamodeld in Sources */,
				1BEDC699264C049E008C88A7 /* ServiceLocator.m in Sources */,
				1BEDC682264C026F008C88A7 /* ClassPod+CoreDataProperties.m in Sources */,
				1BEDC66D264C0261008C88A7 /* Teacher+CoreDataClass.m in Sources */,
				1BEDC651264C024C008C88A7 /* Student+CoreDataClass.m in Sources */,
				1BEDC67B264C026B008C88A7 /* ClassPod+CoreDataClass.m in Sources */,
				32788CA0264C1DF200FC087E /* Preferences.m in Sources */,
				1BEDC623264C0234008C88A7 /* main.m in Sources */,
				1BEDC674264C0265008C88A7 /* Teacher+CoreDataProperties.m in Sources */,
				1BEDC61B264C0233008C88A7 /* AppDelegate.m in Sources */,
				1BEDC65F264C0257008C88A7 /* Music+CoreDataClass.m in Sources */,
				1BEDC666264C025C008C88A7 /* Music+CoreDataProperties.m in Sources */,
			);
			runOnlyForDeploymentPostprocessing = 0;
		};
		1BEDC625264C0234008C88A7 /* Sources */ = {
			isa = PBXSourcesBuildPhase;
			buildActionMask = 2147483647;
			files = (
				1BEDC62E264C0234008C88A7 /* ClassPodDebugTests.m in Sources */,
			);
			runOnlyForDeploymentPostprocessing = 0;
		};
		1BEDC630264C0234008C88A7 /* Sources */ = {
			isa = PBXSourcesBuildPhase;
			buildActionMask = 2147483647;
			files = (
				1BEDC639264C0234008C88A7 /* ClassPodDebugUITests.m in Sources */,
			);
			runOnlyForDeploymentPostprocessing = 0;
		};
/* End PBXSourcesBuildPhase section */

/* Begin PBXTargetDependency section */
		1BB03AFB2640628E00B6096F /* PBXTargetDependency */ = {
			isa = PBXTargetDependency;
			target = 1BB03ADA2640628A00B6096F /* ClassPod */;
			targetProxy = 1BB03AFA2640628E00B6096F /* PBXContainerItemProxy */;
		};
		1BB03B062640628E00B6096F /* PBXTargetDependency */ = {
			isa = PBXTargetDependency;
			target = 1BB03ADA2640628A00B6096F /* ClassPod */;
			targetProxy = 1BB03B052640628E00B6096F /* PBXContainerItemProxy */;
		};
		1BEDC62B264C0234008C88A7 /* PBXTargetDependency */ = {
			isa = PBXTargetDependency;
			target = 1BEDC616264C0233008C88A7 /* ClassPodDebug */;
			targetProxy = 1BEDC62A264C0234008C88A7 /* PBXContainerItemProxy */;
		};
		1BEDC636264C0234008C88A7 /* PBXTargetDependency */ = {
			isa = PBXTargetDependency;
			target = 1BEDC616264C0233008C88A7 /* ClassPodDebug */;
			targetProxy = 1BEDC635264C0234008C88A7 /* PBXContainerItemProxy */;
		};
/* End PBXTargetDependency section */

/* Begin PBXVariantGroup section */
		1BB03AE72640628B00B6096F /* Main.storyboard */ = {
			isa = PBXVariantGroup;
			children = (
				1BB03AE82640628B00B6096F /* Base */,
			);
			name = Main.storyboard;
			sourceTree = "<group>";
		};
		1BB03AEF2640628D00B6096F /* LaunchScreen.storyboard */ = {
			isa = PBXVariantGroup;
			children = (
				1BB03AF02640628D00B6096F /* Base */,
			);
			name = LaunchScreen.storyboard;
			sourceTree = "<group>";
		};
		1BEDC61E264C0233008C88A7 /* MainMenu.xib */ = {
			isa = PBXVariantGroup;
			children = (
				1BEDC61F264C0233008C88A7 /* Base */,
			);
			name = MainMenu.xib;
			sourceTree = "<group>";
		};
/* End PBXVariantGroup section */

/* Begin XCBuildConfiguration section */
		1BB03B0B2640628E00B6096F /* Debug */ = {
			isa = XCBuildConfiguration;
			buildSettings = {
				ALWAYS_SEARCH_USER_PATHS = NO;
				CLANG_ANALYZER_NONNULL = YES;
				CLANG_ANALYZER_NUMBER_OBJECT_CONVERSION = YES_AGGRESSIVE;
				CLANG_CXX_LANGUAGE_STANDARD = "gnu++14";
				CLANG_CXX_LIBRARY = "libc++";
				CLANG_ENABLE_MODULES = YES;
				CLANG_ENABLE_OBJC_ARC = YES;
				CLANG_ENABLE_OBJC_WEAK = YES;
				CLANG_WARN_BLOCK_CAPTURE_AUTORELEASING = YES;
				CLANG_WARN_BOOL_CONVERSION = YES;
				CLANG_WARN_COMMA = YES;
				CLANG_WARN_CONSTANT_CONVERSION = YES;
				CLANG_WARN_DEPRECATED_OBJC_IMPLEMENTATIONS = YES;
				CLANG_WARN_DIRECT_OBJC_ISA_USAGE = YES_ERROR;
				CLANG_WARN_DOCUMENTATION_COMMENTS = YES;
				CLANG_WARN_EMPTY_BODY = YES;
				CLANG_WARN_ENUM_CONVERSION = YES;
				CLANG_WARN_INFINITE_RECURSION = YES;
				CLANG_WARN_INT_CONVERSION = YES;
				CLANG_WARN_NON_LITERAL_NULL_CONVERSION = YES;
				CLANG_WARN_OBJC_IMPLICIT_RETAIN_SELF = YES;
				CLANG_WARN_OBJC_LITERAL_CONVERSION = YES;
				CLANG_WARN_OBJC_ROOT_CLASS = YES_ERROR;
				CLANG_WARN_QUOTED_INCLUDE_IN_FRAMEWORK_HEADER = YES;
				CLANG_WARN_RANGE_LOOP_ANALYSIS = YES;
				CLANG_WARN_STRICT_PROTOTYPES = YES;
				CLANG_WARN_SUSPICIOUS_MOVE = YES;
				CLANG_WARN_UNGUARDED_AVAILABILITY = YES_AGGRESSIVE;
				CLANG_WARN_UNREACHABLE_CODE = YES;
				CLANG_WARN__DUPLICATE_METHOD_MATCH = YES;
				COPY_PHASE_STRIP = NO;
				DEBUG_INFORMATION_FORMAT = dwarf;
				ENABLE_STRICT_OBJC_MSGSEND = YES;
				ENABLE_TESTABILITY = YES;
				GCC_C_LANGUAGE_STANDARD = gnu11;
				GCC_DYNAMIC_NO_PIC = NO;
				GCC_NO_COMMON_BLOCKS = YES;
				GCC_OPTIMIZATION_LEVEL = 0;
				GCC_PREPROCESSOR_DEFINITIONS = (
					"DEBUG=1",
					"$(inherited)",
				);
				GCC_WARN_64_TO_32_BIT_CONVERSION = YES;
				GCC_WARN_ABOUT_RETURN_TYPE = YES_ERROR;
				GCC_WARN_UNDECLARED_SELECTOR = YES;
				GCC_WARN_UNINITIALIZED_AUTOS = YES_AGGRESSIVE;
				GCC_WARN_UNUSED_FUNCTION = YES;
				GCC_WARN_UNUSED_VARIABLE = YES;
				IPHONEOS_DEPLOYMENT_TARGET = 14.4;
				MTL_ENABLE_DEBUG_INFO = INCLUDE_SOURCE;
				MTL_FAST_MATH = YES;
				ONLY_ACTIVE_ARCH = YES;
				SDKROOT = iphoneos;
			};
			name = Debug;
		};
		1BB03B0C2640628E00B6096F /* Release */ = {
			isa = XCBuildConfiguration;
			buildSettings = {
				ALWAYS_SEARCH_USER_PATHS = NO;
				CLANG_ANALYZER_NONNULL = YES;
				CLANG_ANALYZER_NUMBER_OBJECT_CONVERSION = YES_AGGRESSIVE;
				CLANG_CXX_LANGUAGE_STANDARD = "gnu++14";
				CLANG_CXX_LIBRARY = "libc++";
				CLANG_ENABLE_MODULES = YES;
				CLANG_ENABLE_OBJC_ARC = YES;
				CLANG_ENABLE_OBJC_WEAK = YES;
				CLANG_WARN_BLOCK_CAPTURE_AUTORELEASING = YES;
				CLANG_WARN_BOOL_CONVERSION = YES;
				CLANG_WARN_COMMA = YES;
				CLANG_WARN_CONSTANT_CONVERSION = YES;
				CLANG_WARN_DEPRECATED_OBJC_IMPLEMENTATIONS = YES;
				CLANG_WARN_DIRECT_OBJC_ISA_USAGE = YES_ERROR;
				CLANG_WARN_DOCUMENTATION_COMMENTS = YES;
				CLANG_WARN_EMPTY_BODY = YES;
				CLANG_WARN_ENUM_CONVERSION = YES;
				CLANG_WARN_INFINITE_RECURSION = YES;
				CLANG_WARN_INT_CONVERSION = YES;
				CLANG_WARN_NON_LITERAL_NULL_CONVERSION = YES;
				CLANG_WARN_OBJC_IMPLICIT_RETAIN_SELF = YES;
				CLANG_WARN_OBJC_LITERAL_CONVERSION = YES;
				CLANG_WARN_OBJC_ROOT_CLASS = YES_ERROR;
				CLANG_WARN_QUOTED_INCLUDE_IN_FRAMEWORK_HEADER = YES;
				CLANG_WARN_RANGE_LOOP_ANALYSIS = YES;
				CLANG_WARN_STRICT_PROTOTYPES = YES;
				CLANG_WARN_SUSPICIOUS_MOVE = YES;
				CLANG_WARN_UNGUARDED_AVAILABILITY = YES_AGGRESSIVE;
				CLANG_WARN_UNREACHABLE_CODE = YES;
				CLANG_WARN__DUPLICATE_METHOD_MATCH = YES;
				COPY_PHASE_STRIP = NO;
				DEBUG_INFORMATION_FORMAT = "dwarf-with-dsym";
				ENABLE_NS_ASSERTIONS = NO;
				ENABLE_STRICT_OBJC_MSGSEND = YES;
				GCC_C_LANGUAGE_STANDARD = gnu11;
				GCC_NO_COMMON_BLOCKS = YES;
				GCC_WARN_64_TO_32_BIT_CONVERSION = YES;
				GCC_WARN_ABOUT_RETURN_TYPE = YES_ERROR;
				GCC_WARN_UNDECLARED_SELECTOR = YES;
				GCC_WARN_UNINITIALIZED_AUTOS = YES_AGGRESSIVE;
				GCC_WARN_UNUSED_FUNCTION = YES;
				GCC_WARN_UNUSED_VARIABLE = YES;
				IPHONEOS_DEPLOYMENT_TARGET = 14.4;
				MTL_ENABLE_DEBUG_INFO = NO;
				MTL_FAST_MATH = YES;
				SDKROOT = iphoneos;
				VALIDATE_PRODUCT = YES;
			};
			name = Release;
		};
		1BB03B0E2640628E00B6096F /* Debug */ = {
			isa = XCBuildConfiguration;
			baseConfigurationReference = D9739618603395654E6349D1 /* Pods-ClassPod.debug.xcconfig */;
			buildSettings = {
				ASSETCATALOG_COMPILER_APPICON_NAME = AppIcon;
				ASSETCATALOG_COMPILER_GLOBAL_ACCENT_COLOR_NAME = AccentColor;
				CLANG_WARN_OBJC_IMPLICIT_RETAIN_SELF = NO;
				CODE_SIGN_ENTITLEMENTS = ClassPod/ClassPod.entitlements;
				CODE_SIGN_STYLE = Automatic;
				DEVELOPMENT_TEAM = UKBNTL7HA9;
				FRAMEWORK_SEARCH_PATHS = (
					"$(inherited)",
					"$(PROJECT_DIR)",
				);
				GCC_PREFIX_HEADER = ClassPod/PrefixHeader.pch;
				GCC_PREPROCESSOR_DEFINITIONS = (
					"$(inherited)",
					"MAIN_APP_IOS=1",
				);
				INFOPLIST_FILE = ClassPod/Info.plist;
				LD_RUNPATH_SEARCH_PATHS = (
					"$(inherited)",
					"@executable_path/Frameworks",
				);
				LIBRARY_SEARCH_PATHS = (
					"$(inherited)",
					"$(PROJECT_DIR)/ClassPod/Helpers/ExtAudioConverter",
				);
				OTHER_LDFLAGS = "$(inherited)";
				PRODUCT_BUNDLE_IDENTIFIER = geomatix.cz.ClassPod;
				PRODUCT_NAME = "$(TARGET_NAME)";
				TARGETED_DEVICE_FAMILY = "1,2";
			};
			name = Debug;
		};
		1BB03B0F2640628E00B6096F /* Release */ = {
			isa = XCBuildConfiguration;
			baseConfigurationReference = 8C3C32D664BA12352E62558A /* Pods-ClassPod.release.xcconfig */;
			buildSettings = {
				ASSETCATALOG_COMPILER_APPICON_NAME = AppIcon;
				ASSETCATALOG_COMPILER_GLOBAL_ACCENT_COLOR_NAME = AccentColor;
				CLANG_WARN_OBJC_IMPLICIT_RETAIN_SELF = NO;
				CODE_SIGN_ENTITLEMENTS = ClassPod/ClassPod.entitlements;
				CODE_SIGN_STYLE = Automatic;
				DEVELOPMENT_TEAM = UKBNTL7HA9;
				FRAMEWORK_SEARCH_PATHS = (
					"$(inherited)",
					"$(PROJECT_DIR)",
				);
				GCC_PREFIX_HEADER = ClassPod/PrefixHeader.pch;
				GCC_PREPROCESSOR_DEFINITIONS = (
					"$(inherited)",
					"MAIN_APP_IOS=1",
				);
				INFOPLIST_FILE = ClassPod/Info.plist;
				LD_RUNPATH_SEARCH_PATHS = (
					"$(inherited)",
					"@executable_path/Frameworks",
				);
				LIBRARY_SEARCH_PATHS = (
					"$(inherited)",
					"$(PROJECT_DIR)/ClassPod/Helpers/ExtAudioConverter",
				);
				OTHER_LDFLAGS = "$(inherited)";
				PRODUCT_BUNDLE_IDENTIFIER = geomatix.cz.ClassPod;
				PRODUCT_NAME = "$(TARGET_NAME)";
				TARGETED_DEVICE_FAMILY = "1,2";
			};
			name = Release;
		};
		1BB03B112640628E00B6096F /* Debug */ = {
			isa = XCBuildConfiguration;
			baseConfigurationReference = 32AD036201A6D00EFEAFE862 /* Pods-ClassPodTests.debug.xcconfig */;
			buildSettings = {
				BUNDLE_LOADER = "$(TEST_HOST)";
				CODE_SIGN_STYLE = Automatic;
				DEVELOPMENT_TEAM = UKBNTL7HA9;
				FRAMEWORK_SEARCH_PATHS = (
					"$(inherited)",
					"$(PROJECT_DIR)",
				);
				INFOPLIST_FILE = ClassPodTests/Info.plist;
				IPHONEOS_DEPLOYMENT_TARGET = 14.4;
				LD_RUNPATH_SEARCH_PATHS = (
					"$(inherited)",
					"@executable_path/Frameworks",
					"@loader_path/Frameworks",
				);
				PRODUCT_BUNDLE_IDENTIFIER = geomatix.cz.ClassPodTests;
				PRODUCT_NAME = "$(TARGET_NAME)";
				TARGETED_DEVICE_FAMILY = "1,2";
				TEST_HOST = "$(BUILT_PRODUCTS_DIR)/ClassPod.app/ClassPod";
			};
			name = Debug;
		};
		1BB03B122640628E00B6096F /* Release */ = {
			isa = XCBuildConfiguration;
			baseConfigurationReference = 13D3FC27489DA654BA8438CE /* Pods-ClassPodTests.release.xcconfig */;
			buildSettings = {
				BUNDLE_LOADER = "$(TEST_HOST)";
				CODE_SIGN_STYLE = Automatic;
				DEVELOPMENT_TEAM = UKBNTL7HA9;
				FRAMEWORK_SEARCH_PATHS = (
					"$(inherited)",
					"$(PROJECT_DIR)",
				);
				INFOPLIST_FILE = ClassPodTests/Info.plist;
				IPHONEOS_DEPLOYMENT_TARGET = 14.4;
				LD_RUNPATH_SEARCH_PATHS = (
					"$(inherited)",
					"@executable_path/Frameworks",
					"@loader_path/Frameworks",
				);
				PRODUCT_BUNDLE_IDENTIFIER = geomatix.cz.ClassPodTests;
				PRODUCT_NAME = "$(TARGET_NAME)";
				TARGETED_DEVICE_FAMILY = "1,2";
				TEST_HOST = "$(BUILT_PRODUCTS_DIR)/ClassPod.app/ClassPod";
			};
			name = Release;
		};
		1BB03B142640628E00B6096F /* Debug */ = {
			isa = XCBuildConfiguration;
			baseConfigurationReference = 7E2CB34DFF6CD6C7FED64600 /* Pods-ClassPodUITests.debug.xcconfig */;
			buildSettings = {
				CODE_SIGN_STYLE = Automatic;
				DEVELOPMENT_TEAM = UKBNTL7HA9;
				INFOPLIST_FILE = ClassPodUITests/Info.plist;
				LD_RUNPATH_SEARCH_PATHS = (
					"$(inherited)",
					"@executable_path/Frameworks",
					"@loader_path/Frameworks",
				);
				PRODUCT_BUNDLE_IDENTIFIER = geomatix.cz.ClassPodUITests;
				PRODUCT_NAME = "$(TARGET_NAME)";
				TARGETED_DEVICE_FAMILY = "1,2";
				TEST_TARGET_NAME = ClassPod;
			};
			name = Debug;
		};
		1BB03B152640628E00B6096F /* Release */ = {
			isa = XCBuildConfiguration;
			baseConfigurationReference = D6BE109EC5355684BE3E713D /* Pods-ClassPodUITests.release.xcconfig */;
			buildSettings = {
				CODE_SIGN_STYLE = Automatic;
				DEVELOPMENT_TEAM = UKBNTL7HA9;
				INFOPLIST_FILE = ClassPodUITests/Info.plist;
				LD_RUNPATH_SEARCH_PATHS = (
					"$(inherited)",
					"@executable_path/Frameworks",
					"@loader_path/Frameworks",
				);
				PRODUCT_BUNDLE_IDENTIFIER = geomatix.cz.ClassPodUITests;
				PRODUCT_NAME = "$(TARGET_NAME)";
				TARGETED_DEVICE_FAMILY = "1,2";
				TEST_TARGET_NAME = ClassPod;
			};
			name = Release;
		};
		1BEDC63B264C0234008C88A7 /* Debug */ = {
			isa = XCBuildConfiguration;
			buildSettings = {
				ASSETCATALOG_COMPILER_APPICON_NAME = AppIcon;
				ASSETCATALOG_COMPILER_GLOBAL_ACCENT_COLOR_NAME = AccentColor;
				CODE_SIGN_ENTITLEMENTS = ClassPodDebug/ClassPodDebug.entitlements;
				CODE_SIGN_IDENTITY = "-";
				CODE_SIGN_STYLE = Automatic;
				COMBINE_HIDPI_IMAGES = YES;
				DEVELOPMENT_TEAM = UKBNTL7HA9;
				ENABLE_HARDENED_RUNTIME = YES;
				INFOPLIST_FILE = ClassPodDebug/Info.plist;
				LD_RUNPATH_SEARCH_PATHS = (
					"$(inherited)",
					"@executable_path/../Frameworks",
				);
				MACOSX_DEPLOYMENT_TARGET = 10.15;
				PRODUCT_BUNDLE_IDENTIFIER = geomatix.cz.ClassPodDebug;
				PRODUCT_NAME = "$(TARGET_NAME)";
				SDKROOT = macosx;
			};
			name = Debug;
		};
		1BEDC63C264C0234008C88A7 /* Release */ = {
			isa = XCBuildConfiguration;
			buildSettings = {
				ASSETCATALOG_COMPILER_APPICON_NAME = AppIcon;
				ASSETCATALOG_COMPILER_GLOBAL_ACCENT_COLOR_NAME = AccentColor;
				CODE_SIGN_ENTITLEMENTS = ClassPodDebug/ClassPodDebug.entitlements;
				CODE_SIGN_IDENTITY = "-";
				CODE_SIGN_STYLE = Automatic;
				COMBINE_HIDPI_IMAGES = YES;
				DEVELOPMENT_TEAM = UKBNTL7HA9;
				ENABLE_HARDENED_RUNTIME = YES;
				INFOPLIST_FILE = ClassPodDebug/Info.plist;
				LD_RUNPATH_SEARCH_PATHS = (
					"$(inherited)",
					"@executable_path/../Frameworks",
				);
				MACOSX_DEPLOYMENT_TARGET = 10.15;
				PRODUCT_BUNDLE_IDENTIFIER = geomatix.cz.ClassPodDebug;
				PRODUCT_NAME = "$(TARGET_NAME)";
				SDKROOT = macosx;
			};
			name = Release;
		};
		1BEDC63D264C0234008C88A7 /* Debug */ = {
			isa = XCBuildConfiguration;
			baseConfigurationReference = 42E29EED7BDF76F7EA5F5CB9 /* Pods-ClassPodDebugTests.debug.xcconfig */;
			buildSettings = {
				BUNDLE_LOADER = "$(TEST_HOST)";
				CODE_SIGN_STYLE = Automatic;
				COMBINE_HIDPI_IMAGES = YES;
				DEVELOPMENT_TEAM = UKBNTL7HA9;
				INFOPLIST_FILE = ClassPodDebugTests/Info.plist;
				LD_RUNPATH_SEARCH_PATHS = (
					"$(inherited)",
					"@executable_path/../Frameworks",
					"@loader_path/../Frameworks",
				);
				MACOSX_DEPLOYMENT_TARGET = 10.15;
				PRODUCT_BUNDLE_IDENTIFIER = geomatix.cz.ClassPodDebugTests;
				PRODUCT_NAME = "$(TARGET_NAME)";
				SDKROOT = macosx;
				TEST_HOST = "$(BUILT_PRODUCTS_DIR)/ClassPodDebug.app/Contents/MacOS/ClassPodDebug";
			};
			name = Debug;
		};
		1BEDC63E264C0234008C88A7 /* Release */ = {
			isa = XCBuildConfiguration;
			baseConfigurationReference = 715F61B7834D5D9793D438DB /* Pods-ClassPodDebugTests.release.xcconfig */;
			buildSettings = {
				BUNDLE_LOADER = "$(TEST_HOST)";
				CODE_SIGN_STYLE = Automatic;
				COMBINE_HIDPI_IMAGES = YES;
				DEVELOPMENT_TEAM = UKBNTL7HA9;
				INFOPLIST_FILE = ClassPodDebugTests/Info.plist;
				LD_RUNPATH_SEARCH_PATHS = (
					"$(inherited)",
					"@executable_path/../Frameworks",
					"@loader_path/../Frameworks",
				);
				MACOSX_DEPLOYMENT_TARGET = 10.15;
				PRODUCT_BUNDLE_IDENTIFIER = geomatix.cz.ClassPodDebugTests;
				PRODUCT_NAME = "$(TARGET_NAME)";
				SDKROOT = macosx;
				TEST_HOST = "$(BUILT_PRODUCTS_DIR)/ClassPodDebug.app/Contents/MacOS/ClassPodDebug";
			};
			name = Release;
		};
		1BEDC63F264C0234008C88A7 /* Debug */ = {
			isa = XCBuildConfiguration;
			baseConfigurationReference = 63719DF360C74BB789A2DB67 /* Pods-ClassPodDebugUITests.debug.xcconfig */;
			buildSettings = {
				CODE_SIGN_STYLE = Automatic;
				COMBINE_HIDPI_IMAGES = YES;
				DEVELOPMENT_TEAM = UKBNTL7HA9;
				INFOPLIST_FILE = ClassPodDebugUITests/Info.plist;
				LD_RUNPATH_SEARCH_PATHS = (
					"$(inherited)",
					"@executable_path/../Frameworks",
					"@loader_path/../Frameworks",
				);
				MACOSX_DEPLOYMENT_TARGET = 10.15;
				PRODUCT_BUNDLE_IDENTIFIER = geomatix.cz.ClassPodDebugUITests;
				PRODUCT_NAME = "$(TARGET_NAME)";
				SDKROOT = macosx;
				TEST_TARGET_NAME = ClassPodDebug;
			};
			name = Debug;
		};
		1BEDC640264C0234008C88A7 /* Release */ = {
			isa = XCBuildConfiguration;
			baseConfigurationReference = B490EC15348A6C8CF788994A /* Pods-ClassPodDebugUITests.release.xcconfig */;
			buildSettings = {
				CODE_SIGN_STYLE = Automatic;
				COMBINE_HIDPI_IMAGES = YES;
				DEVELOPMENT_TEAM = UKBNTL7HA9;
				INFOPLIST_FILE = ClassPodDebugUITests/Info.plist;
				LD_RUNPATH_SEARCH_PATHS = (
					"$(inherited)",
					"@executable_path/../Frameworks",
					"@loader_path/../Frameworks",
				);
				MACOSX_DEPLOYMENT_TARGET = 10.15;
				PRODUCT_BUNDLE_IDENTIFIER = geomatix.cz.ClassPodDebugUITests;
				PRODUCT_NAME = "$(TARGET_NAME)";
				SDKROOT = macosx;
				TEST_TARGET_NAME = ClassPodDebug;
			};
			name = Release;
		};
/* End XCBuildConfiguration section */

/* Begin XCConfigurationList section */
		1BB03AD62640628A00B6096F /* Build configuration list for PBXProject "ClassPod" */ = {
			isa = XCConfigurationList;
			buildConfigurations = (
				1BB03B0B2640628E00B6096F /* Debug */,
				1BB03B0C2640628E00B6096F /* Release */,
			);
			defaultConfigurationIsVisible = 0;
			defaultConfigurationName = Release;
		};
		1BB03B0D2640628E00B6096F /* Build configuration list for PBXNativeTarget "ClassPod" */ = {
			isa = XCConfigurationList;
			buildConfigurations = (
				1BB03B0E2640628E00B6096F /* Debug */,
				1BB03B0F2640628E00B6096F /* Release */,
			);
			defaultConfigurationIsVisible = 0;
			defaultConfigurationName = Release;
		};
		1BB03B102640628E00B6096F /* Build configuration list for PBXNativeTarget "ClassPodTests" */ = {
			isa = XCConfigurationList;
			buildConfigurations = (
				1BB03B112640628E00B6096F /* Debug */,
				1BB03B122640628E00B6096F /* Release */,
			);
			defaultConfigurationIsVisible = 0;
			defaultConfigurationName = Release;
		};
		1BB03B132640628E00B6096F /* Build configuration list for PBXNativeTarget "ClassPodUITests" */ = {
			isa = XCConfigurationList;
			buildConfigurations = (
				1BB03B142640628E00B6096F /* Debug */,
				1BB03B152640628E00B6096F /* Release */,
			);
			defaultConfigurationIsVisible = 0;
			defaultConfigurationName = Release;
		};
		1BEDC641264C0234008C88A7 /* Build configuration list for PBXNativeTarget "ClassPodDebug" */ = {
			isa = XCConfigurationList;
			buildConfigurations = (
				1BEDC63B264C0234008C88A7 /* Debug */,
				1BEDC63C264C0234008C88A7 /* Release */,
			);
			defaultConfigurationIsVisible = 0;
			defaultConfigurationName = Release;
		};
		1BEDC642264C0234008C88A7 /* Build configuration list for PBXNativeTarget "ClassPodDebugTests" */ = {
			isa = XCConfigurationList;
			buildConfigurations = (
				1BEDC63D264C0234008C88A7 /* Debug */,
				1BEDC63E264C0234008C88A7 /* Release */,
			);
			defaultConfigurationIsVisible = 0;
			defaultConfigurationName = Release;
		};
		1BEDC643264C0234008C88A7 /* Build configuration list for PBXNativeTarget "ClassPodDebugUITests" */ = {
			isa = XCConfigurationList;
			buildConfigurations = (
				1BEDC63F264C0234008C88A7 /* Debug */,
				1BEDC640264C0234008C88A7 /* Release */,
			);
			defaultConfigurationIsVisible = 0;
			defaultConfigurationName = Release;
		};
/* End XCConfigurationList section */

/* Begin XCVersionGroup section */
		1B067FDC2649446E00B7C23C /* ClassPod.xcdatamodeld */ = {
			isa = XCVersionGroup;
			children = (
				1B067FDD2649446E00B7C23C /* ClassPod.xcdatamodel */,
			);
			currentVersion = 1B067FDD2649446E00B7C23C /* ClassPod.xcdatamodel */;
			path = ClassPod.xcdatamodeld;
			sourceTree = "<group>";
			versionGroupType = wrapper.xcdatamodel;
		};
/* End XCVersionGroup section */
	};
	rootObject = 1BB03AD32640628A00B6096F /* Project object */;
}
